// !$*UTF8*$!
{
	archiveVersion = 1;
	classes = {
	};
	objectVersion = 56;
	objects = {

/* Begin PBXBuildFile section */
		910182C32961961D00FC10DB /* TrainerTableCell.swift in Sources */ = {isa = PBXBuildFile; fileRef = 910182C22961961D00FC10DB /* TrainerTableCell.swift */; };
		910D8054296566D100828E4B /* PickServiceViewController.swift in Sources */ = {isa = PBXBuildFile; fileRef = 910D8053296566D100828E4B /* PickServiceViewController.swift */; };
		910D805629656AA400828E4B /* PickDateViewController.swift in Sources */ = {isa = PBXBuildFile; fileRef = 910D805529656AA400828E4B /* PickDateViewController.swift */; };
		910D805929656ACE00828E4B /* PickPlaceViewController.swift in Sources */ = {isa = PBXBuildFile; fileRef = 910D805829656ACE00828E4B /* PickPlaceViewController.swift */; };
		910D805B2965878300828E4B /* RequestResultViewController.swift in Sources */ = {isa = PBXBuildFile; fileRef = 910D805A2965878300828E4B /* RequestResultViewController.swift */; };
		910D805D2965DBEE00828E4B /* PickServiceView.swift in Sources */ = {isa = PBXBuildFile; fileRef = 910D805C2965DBEE00828E4B /* PickServiceView.swift */; };
		910D80652965E5C200828E4B /* FSCalendar in Frameworks */ = {isa = PBXBuildFile; productRef = 910D80642965E5C200828E4B /* FSCalendar */; };
		91185FBD296D7E3A0099B641 /* HeadView.swift in Sources */ = {isa = PBXBuildFile; fileRef = 91185FBC296D7E3A0099B641 /* HeadView.swift */; };
		91185FBF296D83330099B641 /* BodyPriceView.swift in Sources */ = {isa = PBXBuildFile; fileRef = 91185FBE296D83330099B641 /* BodyPriceView.swift */; };
		91185FC1296D85160099B641 /* BodyIntroView.swift in Sources */ = {isa = PBXBuildFile; fileRef = 91185FC0296D85160099B641 /* BodyIntroView.swift */; };
		91185FC3296D86900099B641 /* BodyIntroAboutServiceView.swift in Sources */ = {isa = PBXBuildFile; fileRef = 91185FC2296D86900099B641 /* BodyIntroAboutServiceView.swift */; };
		91185FC5296D87930099B641 /* BodyReviewView.swift in Sources */ = {isa = PBXBuildFile; fileRef = 91185FC4296D87930099B641 /* BodyReviewView.swift */; };
		91185FC7296D88DA0099B641 /* BottomPhotoView.swift in Sources */ = {isa = PBXBuildFile; fileRef = 91185FC6296D88DA0099B641 /* BottomPhotoView.swift */; };
		91185FC9296D8C360099B641 /* BookCVC.swift in Sources */ = {isa = PBXBuildFile; fileRef = 91185FC8296D8C360099B641 /* BookCVC.swift */; };
		91185FCC296DBCC80099B641 /* TrainerDetailViewController.swift in Sources */ = {isa = PBXBuildFile; fileRef = 91185FCB296DBCC80099B641 /* TrainerDetailViewController.swift */; };
		91185FCE296DBD2A0099B641 /* UIView+.swift in Sources */ = {isa = PBXBuildFile; fileRef = 91185FCD296DBD2A0099B641 /* UIView+.swift */; };
		91185FD0296DBD6C0099B641 /* PreviewReviewTableCell.swift in Sources */ = {isa = PBXBuildFile; fileRef = 91185FCF296DBD6C0099B641 /* PreviewReviewTableCell.swift */; };
		9130CA03296AFBFE00FC5107 /* BottomBtnView.swift in Sources */ = {isa = PBXBuildFile; fileRef = 9130CA02296AFBFE00FC5107 /* BottomBtnView.swift */; };
		9130CA05296B023C00FC5107 /* SettingViewController.swift in Sources */ = {isa = PBXBuildFile; fileRef = 9130CA04296B023C00FC5107 /* SettingViewController.swift */; };
		9130CA07296B034600FC5107 /* HeartListViewController.swift in Sources */ = {isa = PBXBuildFile; fileRef = 9130CA06296B034600FC5107 /* HeartListViewController.swift */; };
		9130CA09296B055100FC5107 /* SearchViewController.swift in Sources */ = {isa = PBXBuildFile; fileRef = 9130CA08296B055100FC5107 /* SearchViewController.swift */; };
		9130CA0B296B055E00FC5107 /* NoticeViewController.swift in Sources */ = {isa = PBXBuildFile; fileRef = 9130CA0A296B055E00FC5107 /* NoticeViewController.swift */; };
		9130CA0D296B056B00FC5107 /* ClauseViewController.swift in Sources */ = {isa = PBXBuildFile; fileRef = 9130CA0C296B056B00FC5107 /* ClauseViewController.swift */; };
		9130CA0F296B063100FC5107 /* SettingProfileViewController.swift in Sources */ = {isa = PBXBuildFile; fileRef = 9130CA0E296B063100FC5107 /* SettingProfileViewController.swift */; };
		9130CA14296B0F9F00FC5107 /* WithdrawViewController.swift in Sources */ = {isa = PBXBuildFile; fileRef = 9130CA13296B0F9F00FC5107 /* WithdrawViewController.swift */; };
		9130CA1D296B3CAF00FC5107 /* BottomInfoView.swift in Sources */ = {isa = PBXBuildFile; fileRef = 9130CA1C296B3CAF00FC5107 /* BottomInfoView.swift */; };
		9130CA1F296B473200FC5107 /* SettingUserNameViewController.swift in Sources */ = {isa = PBXBuildFile; fileRef = 9130CA1E296B473200FC5107 /* SettingUserNameViewController.swift */; };
		9130CA24296B558900FC5107 /* SearchTVC.swift in Sources */ = {isa = PBXBuildFile; fileRef = 9130CA23296B558900FC5107 /* SearchTVC.swift */; };
		913E02C7296334C4001CC92B /* UIStackView+.swift in Sources */ = {isa = PBXBuildFile; fileRef = 913E02C6296334C4001CC92B /* UIStackView+.swift */; };
		913E02CD2963505A001CC92B /* Then in Frameworks */ = {isa = PBXBuildFile; productRef = 913E02CC2963505A001CC92B /* Then */; };
		9163A4BD2976FC5C00577DC3 /* DetailBodyIntroViewController.swift in Sources */ = {isa = PBXBuildFile; fileRef = 9163A4BC2976FC5C00577DC3 /* DetailBodyIntroViewController.swift */; };
		9163A4BF2976FC6D00577DC3 /* DetailBodyIntroAboutServiceView.swift in Sources */ = {isa = PBXBuildFile; fileRef = 9163A4BE2976FC6D00577DC3 /* DetailBodyIntroAboutServiceView.swift */; };
		9163A4C12977081600577DC3 /* DetailBodyIntroView.swift in Sources */ = {isa = PBXBuildFile; fileRef = 9163A4C02977081600577DC3 /* DetailBodyIntroView.swift */; };
		9163A4C5297711A500577DC3 /* DetailBodyIntroAboutServiceViewController.swift in Sources */ = {isa = PBXBuildFile; fileRef = 9163A4C4297711A500577DC3 /* DetailBodyIntroAboutServiceViewController.swift */; };
		916A2C47297056F2005F0420 /* CommunityTableCell.swift in Sources */ = {isa = PBXBuildFile; fileRef = 916A2C46297056F2005F0420 /* CommunityTableCell.swift */; };
		916A2C49297090D3005F0420 /* FindPwViewController.swift in Sources */ = {isa = PBXBuildFile; fileRef = 916A2C48297090D3005F0420 /* FindPwViewController.swift */; };
		91783E9C29863D1400B8CC2E /* SignInResponse.swift in Sources */ = {isa = PBXBuildFile; fileRef = 91783E9B29863D1400B8CC2E /* SignInResponse.swift */; };
		91783E9F29863D9700B8CC2E /* MyPageAPI.swift in Sources */ = {isa = PBXBuildFile; fileRef = 91783E9E29863D9700B8CC2E /* MyPageAPI.swift */; };
		91783EA129863DA300B8CC2E /* TrainerAPI.swift in Sources */ = {isa = PBXBuildFile; fileRef = 91783EA029863DA300B8CC2E /* TrainerAPI.swift */; };
		91783EA329863DAC00B8CC2E /* SignAPI.swift in Sources */ = {isa = PBXBuildFile; fileRef = 91783EA229863DAC00B8CC2E /* SignAPI.swift */; };
		91783EA6298640FA00B8CC2E /* TrainerRouter.swift in Sources */ = {isa = PBXBuildFile; fileRef = 91783EA5298640FA00B8CC2E /* TrainerRouter.swift */; };
		91783EA8298641DB00B8CC2E /* CustomerAPI.swift in Sources */ = {isa = PBXBuildFile; fileRef = 91783EA7298641DB00B8CC2E /* CustomerAPI.swift */; };
		91783EAC29867A0400B8CC2E /* HeartListTableCell.swift in Sources */ = {isa = PBXBuildFile; fileRef = 91783EAB29867A0400B8CC2E /* HeartListTableCell.swift */; };
		91783EAF298680BE00B8CC2E /* Kingfisher in Frameworks */ = {isa = PBXBuildFile; productRef = 91783EAE298680BE00B8CC2E /* Kingfisher */; };
		91783EB129869FFB00B8CC2E /* SpecificTrainerResponse.swift in Sources */ = {isa = PBXBuildFile; fileRef = 91783EB029869FFB00B8CC2E /* SpecificTrainerResponse.swift */; };
		91783EB32986B73800B8CC2E /* DeleteHeartResponse.swift in Sources */ = {isa = PBXBuildFile; fileRef = 91783EB22986B73800B8CC2E /* DeleteHeartResponse.swift */; };
		91783EB52986B76100B8CC2E /* AddHeartResponse.swift in Sources */ = {isa = PBXBuildFile; fileRef = 91783EB42986B76100B8CC2E /* AddHeartResponse.swift */; };
		917D3CF6296EB26C0060F802 /* GradeTableViewController.swift in Sources */ = {isa = PBXBuildFile; fileRef = 917D3CF5296EB26C0060F802 /* GradeTableViewController.swift */; };
		917D3CF8296EB2D30060F802 /* SignUpViewController.swift in Sources */ = {isa = PBXBuildFile; fileRef = 917D3CF7296EB2D30060F802 /* SignUpViewController.swift */; };
		917D3CFA296EB2E90060F802 /* PolicyViewController.swift in Sources */ = {isa = PBXBuildFile; fileRef = 917D3CF9296EB2E90060F802 /* PolicyViewController.swift */; };
		917D3CFE296EB3330060F802 /* UITextField+.swift in Sources */ = {isa = PBXBuildFile; fileRef = 917D3CFD296EB3330060F802 /* UITextField+.swift */; };
		917D3D00296EBA2D0060F802 /* UIViewController+.swift in Sources */ = {isa = PBXBuildFile; fileRef = 917D3CFF296EBA2D0060F802 /* UIViewController+.swift */; };
		9181B6E52982AA73001D9427 /* HeartListResponse.swift in Sources */ = {isa = PBXBuildFile; fileRef = 9181B6E42982AA73001D9427 /* HeartListResponse.swift */; };
		9181B6E72982BACD001D9427 /* PetchLocationResponse.swift in Sources */ = {isa = PBXBuildFile; fileRef = 9181B6E62982BACD001D9427 /* PetchLocationResponse.swift */; };
		9181B6EA2983C33C001D9427 /* MyPageRouter.swift in Sources */ = {isa = PBXBuildFile; fileRef = 9181B6E92983C33C001D9427 /* MyPageRouter.swift */; };
		9181B6EC2983C448001D9427 /* MyPageResponse.swift in Sources */ = {isa = PBXBuildFile; fileRef = 9181B6EB2983C448001D9427 /* MyPageResponse.swift */; };
		91877D6A2969269D0074386B /* RequestSheet.swift in Sources */ = {isa = PBXBuildFile; fileRef = 91877D692969269D0074386B /* RequestSheet.swift */; };
		91877D6C2969A0A00074386B /* ProfileView.swift in Sources */ = {isa = PBXBuildFile; fileRef = 91877D6B2969A0A00074386B /* ProfileView.swift */; };
		91877D6E2969A9260074386B /* NotificationSwitch.swift in Sources */ = {isa = PBXBuildFile; fileRef = 91877D6D2969A9260074386B /* NotificationSwitch.swift */; };
		91877D702969B1970074386B /* BottomView.swift in Sources */ = {isa = PBXBuildFile; fileRef = 91877D6F2969B1970074386B /* BottomView.swift */; };
		918F5FF1298911C000AADC10 /* LoadingView.swift in Sources */ = {isa = PBXBuildFile; fileRef = 918F5FF0298911C000AADC10 /* LoadingView.swift */; };
		91BE526C29854B31006DA3AB /* TrainerListResponse.swift in Sources */ = {isa = PBXBuildFile; fileRef = 91BE526B29854B31006DA3AB /* TrainerListResponse.swift */; };
		91BE526E29854BD2006DA3AB /* TrainerArrayListRequest.swift in Sources */ = {isa = PBXBuildFile; fileRef = 91BE526D29854BD2006DA3AB /* TrainerArrayListRequest.swift */; };
		91C32D2F296184AA00F29DA5 /* AppDelegate.swift in Sources */ = {isa = PBXBuildFile; fileRef = 91C32D2E296184AA00F29DA5 /* AppDelegate.swift */; };
		91C32D31296184AA00F29DA5 /* SceneDelegate.swift in Sources */ = {isa = PBXBuildFile; fileRef = 91C32D30296184AA00F29DA5 /* SceneDelegate.swift */; };
		91C32D38296184AD00F29DA5 /* Assets.xcassets in Resources */ = {isa = PBXBuildFile; fileRef = 91C32D37296184AD00F29DA5 /* Assets.xcassets */; };
		91C32D3B296184AD00F29DA5 /* LaunchScreen.storyboard in Resources */ = {isa = PBXBuildFile; fileRef = 91C32D39296184AD00F29DA5 /* LaunchScreen.storyboard */; };
		91C32D432961857400F29DA5 /* SignInViewController.swift in Sources */ = {isa = PBXBuildFile; fileRef = 91C32D422961857400F29DA5 /* SignInViewController.swift */; };
		91C32D46296185B900F29DA5 /* SnapKit in Frameworks */ = {isa = PBXBuildFile; productRef = 91C32D45296185B900F29DA5 /* SnapKit */; };
		91C32D4A2961863E00F29DA5 /* UIColor+.swift in Sources */ = {isa = PBXBuildFile; fileRef = 91C32D492961863E00F29DA5 /* UIColor+.swift */; };
		91C32D4C2961866100F29DA5 /* TabBarController.swift in Sources */ = {isa = PBXBuildFile; fileRef = 91C32D4B2961866100F29DA5 /* TabBarController.swift */; };
		91C32D4E2961867600F29DA5 /* HomeViewController.swift in Sources */ = {isa = PBXBuildFile; fileRef = 91C32D4D2961867600F29DA5 /* HomeViewController.swift */; };
		91C32D502961868500F29DA5 /* CommunityViewController.swift in Sources */ = {isa = PBXBuildFile; fileRef = 91C32D4F2961868500F29DA5 /* CommunityViewController.swift */; };
		91C32D522961869000F29DA5 /* ChatViewController.swift in Sources */ = {isa = PBXBuildFile; fileRef = 91C32D512961869000F29DA5 /* ChatViewController.swift */; };
		91C32D542961869C00F29DA5 /* MyPageViewController.swift in Sources */ = {isa = PBXBuildFile; fileRef = 91C32D532961869C00F29DA5 /* MyPageViewController.swift */; };
		91CFCFC2297FF8D40009944D /* RealmService.swift in Sources */ = {isa = PBXBuildFile; fileRef = 91CFCFC1297FF8D40009944D /* RealmService.swift */; };
		91CFCFC8297FFA4D0009944D /* Realm in Frameworks */ = {isa = PBXBuildFile; productRef = 91CFCFC7297FFA4D0009944D /* Realm */; };
		91CFCFCA297FFA4D0009944D /* RealmSwift in Frameworks */ = {isa = PBXBuildFile; productRef = 91CFCFC9297FFA4D0009944D /* RealmSwift */; };
		91CFCFCC297FFA710009944D /* Token.swift in Sources */ = {isa = PBXBuildFile; fileRef = 91CFCFCB297FFA710009944D /* Token.swift */; };
		91CFCFCE297FFAFC0009944D /* Profile.swift in Sources */ = {isa = PBXBuildFile; fileRef = 91CFCFCD297FFAFC0009944D /* Profile.swift */; };
		91CFCFD0297FFB720009944D /* CustomNotification.swift in Sources */ = {isa = PBXBuildFile; fileRef = 91CFCFCF297FFB720009944D /* CustomNotification.swift */; };
		91CFCFD3298001ED0009944D /* Moya in Frameworks */ = {isa = PBXBuildFile; productRef = 91CFCFD2298001ED0009944D /* Moya */; };
		91CFCFD72980021C0009944D /* SignRouter.swift in Sources */ = {isa = PBXBuildFile; fileRef = 91CFCFD62980021C0009944D /* SignRouter.swift */; };
		91CFCFDB298002DF0009944D /* SignInRequest.swift in Sources */ = {isa = PBXBuildFile; fileRef = 91CFCFDA298002DF0009944D /* SignInRequest.swift */; };
		91CFCFDD298002E70009944D /* SignUpRequest.swift in Sources */ = {isa = PBXBuildFile; fileRef = 91CFCFDC298002E70009944D /* SignUpRequest.swift */; };
		91CFCFE1298004CF0009944D /* SignUpRepsonse.swift in Sources */ = {isa = PBXBuildFile; fileRef = 91CFCFE0298004CF0009944D /* SignUpRepsonse.swift */; };
		91D7C51129649C78005AF859 /* ReviewViewController.swift in Sources */ = {isa = PBXBuildFile; fileRef = 91D7C51029649C78005AF859 /* ReviewViewController.swift */; };
		91D7C5162964A034005AF859 /* ReviewTableCell.swift in Sources */ = {isa = PBXBuildFile; fileRef = 91D7C5152964A034005AF859 /* ReviewTableCell.swift */; };
		91E0824D298BA96D0033D39E /* RequestMatchingRequest.swift in Sources */ = {isa = PBXBuildFile; fileRef = 91E0824C298BA96D0033D39E /* RequestMatchingRequest.swift */; };
		91E0824F298BA9AD0033D39E /* RequestMatchingResponse.swift in Sources */ = {isa = PBXBuildFile; fileRef = 91E0824E298BA9AD0033D39E /* RequestMatchingResponse.swift */; };
		91E08255298BEFA80033D39E /* MatchingListResponse.swift in Sources */ = {isa = PBXBuildFile; fileRef = 91E08254298BEFA80033D39E /* MatchingListResponse.swift */; };
		91E08257298C01A10033D39E /* RequestSheetViewController.swift in Sources */ = {isa = PBXBuildFile; fileRef = 91E08256298C01A10033D39E /* RequestSheetViewController.swift */; };
		91E0825A298C06620033D39E /* MatchSheetResponse.swift in Sources */ = {isa = PBXBuildFile; fileRef = 91E08259298C06620033D39E /* MatchSheetResponse.swift */; };
		91E0825C298C0F570033D39E /* BaseURL.swift in Sources */ = {isa = PBXBuildFile; fileRef = 91E0825B298C0F570033D39E /* BaseURL.swift */; };
		91F75B00296C109200B31F3B /* Tabman in Frameworks */ = {isa = PBXBuildFile; productRef = 91F75AFF296C109200B31F3B /* Tabman */; };
		91F75B02296C10A800B31F3B /* TabManViewController.swift in Sources */ = {isa = PBXBuildFile; fileRef = 91F75B01296C10A800B31F3B /* TabManViewController.swift */; };
		91F75B05296C111900B31F3B /* DietTrainerViewController.swift in Sources */ = {isa = PBXBuildFile; fileRef = 91F75B04296C111900B31F3B /* DietTrainerViewController.swift */; };
		91F75B07296C116500B31F3B /* FoodTrainerViewController.swift in Sources */ = {isa = PBXBuildFile; fileRef = 91F75B06296C116500B31F3B /* FoodTrainerViewController.swift */; };
		91F75B09296C11A800B31F3B /* RehabilitationTrainerViewController.swift in Sources */ = {isa = PBXBuildFile; fileRef = 91F75B08296C11A800B31F3B /* RehabilitationTrainerViewController.swift */; };
		91F75B0B296C11D700B31F3B /* FriendTrainerViewController.swift in Sources */ = {isa = PBXBuildFile; fileRef = 91F75B0A296C11D700B31F3B /* FriendTrainerViewController.swift */; };
		91FDB3E12982637200053795 /* CustomerRouter.swift in Sources */ = {isa = PBXBuildFile; fileRef = 91FDB3E02982637200053795 /* CustomerRouter.swift */; };
		91FDB3E52982662700053795 /* WriteReviewRequest.swift in Sources */ = {isa = PBXBuildFile; fileRef = 91FDB3E42982662700053795 /* WriteReviewRequest.swift */; };
/* End PBXBuildFile section */

/* Begin PBXFileReference section */
		910182C22961961D00FC10DB /* TrainerTableCell.swift */ = {isa = PBXFileReference; lastKnownFileType = sourcecode.swift; path = TrainerTableCell.swift; sourceTree = "<group>"; };
		910D8053296566D100828E4B /* PickServiceViewController.swift */ = {isa = PBXFileReference; lastKnownFileType = sourcecode.swift; path = PickServiceViewController.swift; sourceTree = "<group>"; };
		910D805529656AA400828E4B /* PickDateViewController.swift */ = {isa = PBXFileReference; lastKnownFileType = sourcecode.swift; path = PickDateViewController.swift; sourceTree = "<group>"; };
		910D805829656ACE00828E4B /* PickPlaceViewController.swift */ = {isa = PBXFileReference; lastKnownFileType = sourcecode.swift; path = PickPlaceViewController.swift; sourceTree = "<group>"; };
		910D805A2965878300828E4B /* RequestResultViewController.swift */ = {isa = PBXFileReference; lastKnownFileType = sourcecode.swift; path = RequestResultViewController.swift; sourceTree = "<group>"; };
		910D805C2965DBEE00828E4B /* PickServiceView.swift */ = {isa = PBXFileReference; lastKnownFileType = sourcecode.swift; path = PickServiceView.swift; sourceTree = "<group>"; };
		91185FBC296D7E3A0099B641 /* HeadView.swift */ = {isa = PBXFileReference; lastKnownFileType = sourcecode.swift; path = HeadView.swift; sourceTree = "<group>"; };
		91185FBE296D83330099B641 /* BodyPriceView.swift */ = {isa = PBXFileReference; lastKnownFileType = sourcecode.swift; path = BodyPriceView.swift; sourceTree = "<group>"; };
		91185FC0296D85160099B641 /* BodyIntroView.swift */ = {isa = PBXFileReference; lastKnownFileType = sourcecode.swift; path = BodyIntroView.swift; sourceTree = "<group>"; };
		91185FC2296D86900099B641 /* BodyIntroAboutServiceView.swift */ = {isa = PBXFileReference; lastKnownFileType = sourcecode.swift; path = BodyIntroAboutServiceView.swift; sourceTree = "<group>"; };
		91185FC4296D87930099B641 /* BodyReviewView.swift */ = {isa = PBXFileReference; lastKnownFileType = sourcecode.swift; path = BodyReviewView.swift; sourceTree = "<group>"; };
		91185FC6296D88DA0099B641 /* BottomPhotoView.swift */ = {isa = PBXFileReference; lastKnownFileType = sourcecode.swift; path = BottomPhotoView.swift; sourceTree = "<group>"; };
		91185FC8296D8C360099B641 /* BookCVC.swift */ = {isa = PBXFileReference; lastKnownFileType = sourcecode.swift; path = BookCVC.swift; sourceTree = "<group>"; };
		91185FCB296DBCC80099B641 /* TrainerDetailViewController.swift */ = {isa = PBXFileReference; lastKnownFileType = sourcecode.swift; path = TrainerDetailViewController.swift; sourceTree = "<group>"; };
		91185FCD296DBD2A0099B641 /* UIView+.swift */ = {isa = PBXFileReference; lastKnownFileType = sourcecode.swift; path = "UIView+.swift"; sourceTree = "<group>"; };
		91185FCF296DBD6C0099B641 /* PreviewReviewTableCell.swift */ = {isa = PBXFileReference; lastKnownFileType = sourcecode.swift; path = PreviewReviewTableCell.swift; sourceTree = "<group>"; };
		9130CA02296AFBFE00FC5107 /* BottomBtnView.swift */ = {isa = PBXFileReference; lastKnownFileType = sourcecode.swift; path = BottomBtnView.swift; sourceTree = "<group>"; };
		9130CA04296B023C00FC5107 /* SettingViewController.swift */ = {isa = PBXFileReference; lastKnownFileType = sourcecode.swift; path = SettingViewController.swift; sourceTree = "<group>"; };
		9130CA06296B034600FC5107 /* HeartListViewController.swift */ = {isa = PBXFileReference; lastKnownFileType = sourcecode.swift; path = HeartListViewController.swift; sourceTree = "<group>"; };
		9130CA08296B055100FC5107 /* SearchViewController.swift */ = {isa = PBXFileReference; lastKnownFileType = sourcecode.swift; path = SearchViewController.swift; sourceTree = "<group>"; };
		9130CA0A296B055E00FC5107 /* NoticeViewController.swift */ = {isa = PBXFileReference; lastKnownFileType = sourcecode.swift; path = NoticeViewController.swift; sourceTree = "<group>"; };
		9130CA0C296B056B00FC5107 /* ClauseViewController.swift */ = {isa = PBXFileReference; lastKnownFileType = sourcecode.swift; path = ClauseViewController.swift; sourceTree = "<group>"; };
		9130CA0E296B063100FC5107 /* SettingProfileViewController.swift */ = {isa = PBXFileReference; lastKnownFileType = sourcecode.swift; path = SettingProfileViewController.swift; sourceTree = "<group>"; };
		9130CA13296B0F9F00FC5107 /* WithdrawViewController.swift */ = {isa = PBXFileReference; lastKnownFileType = sourcecode.swift; path = WithdrawViewController.swift; sourceTree = "<group>"; };
		9130CA1C296B3CAF00FC5107 /* BottomInfoView.swift */ = {isa = PBXFileReference; lastKnownFileType = sourcecode.swift; path = BottomInfoView.swift; sourceTree = "<group>"; };
		9130CA1E296B473200FC5107 /* SettingUserNameViewController.swift */ = {isa = PBXFileReference; lastKnownFileType = sourcecode.swift; path = SettingUserNameViewController.swift; sourceTree = "<group>"; };
		9130CA23296B558900FC5107 /* SearchTVC.swift */ = {isa = PBXFileReference; lastKnownFileType = sourcecode.swift; path = SearchTVC.swift; sourceTree = "<group>"; };
		913E02C6296334C4001CC92B /* UIStackView+.swift */ = {isa = PBXFileReference; lastKnownFileType = sourcecode.swift; path = "UIStackView+.swift"; sourceTree = "<group>"; };
		9163A4BC2976FC5C00577DC3 /* DetailBodyIntroViewController.swift */ = {isa = PBXFileReference; lastKnownFileType = sourcecode.swift; path = DetailBodyIntroViewController.swift; sourceTree = "<group>"; };
		9163A4BE2976FC6D00577DC3 /* DetailBodyIntroAboutServiceView.swift */ = {isa = PBXFileReference; lastKnownFileType = sourcecode.swift; path = DetailBodyIntroAboutServiceView.swift; sourceTree = "<group>"; };
		9163A4C02977081600577DC3 /* DetailBodyIntroView.swift */ = {isa = PBXFileReference; lastKnownFileType = sourcecode.swift; path = DetailBodyIntroView.swift; sourceTree = "<group>"; };
		9163A4C4297711A500577DC3 /* DetailBodyIntroAboutServiceViewController.swift */ = {isa = PBXFileReference; lastKnownFileType = sourcecode.swift; path = DetailBodyIntroAboutServiceViewController.swift; sourceTree = "<group>"; };
		916A2C46297056F2005F0420 /* CommunityTableCell.swift */ = {isa = PBXFileReference; lastKnownFileType = sourcecode.swift; path = CommunityTableCell.swift; sourceTree = "<group>"; };
		916A2C48297090D3005F0420 /* FindPwViewController.swift */ = {isa = PBXFileReference; lastKnownFileType = sourcecode.swift; path = FindPwViewController.swift; sourceTree = "<group>"; };
		91783E9B29863D1400B8CC2E /* SignInResponse.swift */ = {isa = PBXFileReference; lastKnownFileType = sourcecode.swift; path = SignInResponse.swift; sourceTree = "<group>"; };
		91783E9E29863D9700B8CC2E /* MyPageAPI.swift */ = {isa = PBXFileReference; lastKnownFileType = sourcecode.swift; path = MyPageAPI.swift; sourceTree = "<group>"; };
		91783EA029863DA300B8CC2E /* TrainerAPI.swift */ = {isa = PBXFileReference; lastKnownFileType = sourcecode.swift; path = TrainerAPI.swift; sourceTree = "<group>"; };
		91783EA229863DAC00B8CC2E /* SignAPI.swift */ = {isa = PBXFileReference; lastKnownFileType = sourcecode.swift; path = SignAPI.swift; sourceTree = "<group>"; };
		91783EA5298640FA00B8CC2E /* TrainerRouter.swift */ = {isa = PBXFileReference; lastKnownFileType = sourcecode.swift; path = TrainerRouter.swift; sourceTree = "<group>"; };
		91783EA7298641DB00B8CC2E /* CustomerAPI.swift */ = {isa = PBXFileReference; lastKnownFileType = sourcecode.swift; path = CustomerAPI.swift; sourceTree = "<group>"; };
		91783EAB29867A0400B8CC2E /* HeartListTableCell.swift */ = {isa = PBXFileReference; lastKnownFileType = sourcecode.swift; path = HeartListTableCell.swift; sourceTree = "<group>"; };
		91783EB029869FFB00B8CC2E /* SpecificTrainerResponse.swift */ = {isa = PBXFileReference; lastKnownFileType = sourcecode.swift; path = SpecificTrainerResponse.swift; sourceTree = "<group>"; };
		91783EB22986B73800B8CC2E /* DeleteHeartResponse.swift */ = {isa = PBXFileReference; lastKnownFileType = sourcecode.swift; path = DeleteHeartResponse.swift; sourceTree = "<group>"; };
		91783EB42986B76100B8CC2E /* AddHeartResponse.swift */ = {isa = PBXFileReference; lastKnownFileType = sourcecode.swift; path = AddHeartResponse.swift; sourceTree = "<group>"; };
		917D3CF5296EB26C0060F802 /* GradeTableViewController.swift */ = {isa = PBXFileReference; lastKnownFileType = sourcecode.swift; path = GradeTableViewController.swift; sourceTree = "<group>"; };
		917D3CF7296EB2D30060F802 /* SignUpViewController.swift */ = {isa = PBXFileReference; lastKnownFileType = sourcecode.swift; path = SignUpViewController.swift; sourceTree = "<group>"; };
		917D3CF9296EB2E90060F802 /* PolicyViewController.swift */ = {isa = PBXFileReference; lastKnownFileType = sourcecode.swift; path = PolicyViewController.swift; sourceTree = "<group>"; };
		917D3CFD296EB3330060F802 /* UITextField+.swift */ = {isa = PBXFileReference; lastKnownFileType = sourcecode.swift; path = "UITextField+.swift"; sourceTree = "<group>"; };
		917D3CFF296EBA2D0060F802 /* UIViewController+.swift */ = {isa = PBXFileReference; lastKnownFileType = sourcecode.swift; path = "UIViewController+.swift"; sourceTree = "<group>"; };
		9181B6E42982AA73001D9427 /* HeartListResponse.swift */ = {isa = PBXFileReference; lastKnownFileType = sourcecode.swift; path = HeartListResponse.swift; sourceTree = "<group>"; };
		9181B6E62982BACD001D9427 /* PetchLocationResponse.swift */ = {isa = PBXFileReference; lastKnownFileType = sourcecode.swift; path = PetchLocationResponse.swift; sourceTree = "<group>"; };
		9181B6E92983C33C001D9427 /* MyPageRouter.swift */ = {isa = PBXFileReference; lastKnownFileType = sourcecode.swift; path = MyPageRouter.swift; sourceTree = "<group>"; };
		9181B6EB2983C448001D9427 /* MyPageResponse.swift */ = {isa = PBXFileReference; lastKnownFileType = sourcecode.swift; path = MyPageResponse.swift; sourceTree = "<group>"; };
		91877D692969269D0074386B /* RequestSheet.swift */ = {isa = PBXFileReference; lastKnownFileType = sourcecode.swift; path = RequestSheet.swift; sourceTree = "<group>"; };
		91877D6B2969A0A00074386B /* ProfileView.swift */ = {isa = PBXFileReference; lastKnownFileType = sourcecode.swift; path = ProfileView.swift; sourceTree = "<group>"; };
		91877D6D2969A9260074386B /* NotificationSwitch.swift */ = {isa = PBXFileReference; lastKnownFileType = sourcecode.swift; path = NotificationSwitch.swift; sourceTree = "<group>"; };
		91877D6F2969B1970074386B /* BottomView.swift */ = {isa = PBXFileReference; lastKnownFileType = sourcecode.swift; path = BottomView.swift; sourceTree = "<group>"; };
		918F5FF0298911C000AADC10 /* LoadingView.swift */ = {isa = PBXFileReference; lastKnownFileType = sourcecode.swift; path = LoadingView.swift; sourceTree = "<group>"; };
		91BE526B29854B31006DA3AB /* TrainerListResponse.swift */ = {isa = PBXFileReference; lastKnownFileType = sourcecode.swift; path = TrainerListResponse.swift; sourceTree = "<group>"; };
		91BE526D29854BD2006DA3AB /* TrainerArrayListRequest.swift */ = {isa = PBXFileReference; lastKnownFileType = sourcecode.swift; path = TrainerArrayListRequest.swift; sourceTree = "<group>"; };
		91C32D2B296184AA00F29DA5 /* FITI.app */ = {isa = PBXFileReference; explicitFileType = wrapper.application; includeInIndex = 0; path = FITI.app; sourceTree = BUILT_PRODUCTS_DIR; };
		91C32D2E296184AA00F29DA5 /* AppDelegate.swift */ = {isa = PBXFileReference; lastKnownFileType = sourcecode.swift; path = AppDelegate.swift; sourceTree = "<group>"; };
		91C32D30296184AA00F29DA5 /* SceneDelegate.swift */ = {isa = PBXFileReference; lastKnownFileType = sourcecode.swift; path = SceneDelegate.swift; sourceTree = "<group>"; };
		91C32D37296184AD00F29DA5 /* Assets.xcassets */ = {isa = PBXFileReference; lastKnownFileType = folder.assetcatalog; path = Assets.xcassets; sourceTree = "<group>"; };
		91C32D3A296184AD00F29DA5 /* Base */ = {isa = PBXFileReference; lastKnownFileType = file.storyboard; name = Base; path = Base.lproj/LaunchScreen.storyboard; sourceTree = "<group>"; };
		91C32D422961857400F29DA5 /* SignInViewController.swift */ = {isa = PBXFileReference; lastKnownFileType = sourcecode.swift; path = SignInViewController.swift; sourceTree = "<group>"; };
		91C32D492961863E00F29DA5 /* UIColor+.swift */ = {isa = PBXFileReference; lastKnownFileType = sourcecode.swift; path = "UIColor+.swift"; sourceTree = "<group>"; };
		91C32D4B2961866100F29DA5 /* TabBarController.swift */ = {isa = PBXFileReference; lastKnownFileType = sourcecode.swift; path = TabBarController.swift; sourceTree = "<group>"; };
		91C32D4D2961867600F29DA5 /* HomeViewController.swift */ = {isa = PBXFileReference; lastKnownFileType = sourcecode.swift; path = HomeViewController.swift; sourceTree = "<group>"; };
		91C32D4F2961868500F29DA5 /* CommunityViewController.swift */ = {isa = PBXFileReference; lastKnownFileType = sourcecode.swift; path = CommunityViewController.swift; sourceTree = "<group>"; };
		91C32D512961869000F29DA5 /* ChatViewController.swift */ = {isa = PBXFileReference; lastKnownFileType = sourcecode.swift; path = ChatViewController.swift; sourceTree = "<group>"; };
		91C32D532961869C00F29DA5 /* MyPageViewController.swift */ = {isa = PBXFileReference; lastKnownFileType = sourcecode.swift; path = MyPageViewController.swift; sourceTree = "<group>"; };
		91CFCFC1297FF8D40009944D /* RealmService.swift */ = {isa = PBXFileReference; lastKnownFileType = sourcecode.swift; path = RealmService.swift; sourceTree = "<group>"; };
		91CFCFCB297FFA710009944D /* Token.swift */ = {isa = PBXFileReference; lastKnownFileType = sourcecode.swift; path = Token.swift; sourceTree = "<group>"; };
		91CFCFCD297FFAFC0009944D /* Profile.swift */ = {isa = PBXFileReference; lastKnownFileType = sourcecode.swift; path = Profile.swift; sourceTree = "<group>"; };
		91CFCFCF297FFB720009944D /* CustomNotification.swift */ = {isa = PBXFileReference; lastKnownFileType = sourcecode.swift; path = CustomNotification.swift; sourceTree = "<group>"; };
		91CFCFD62980021C0009944D /* SignRouter.swift */ = {isa = PBXFileReference; lastKnownFileType = sourcecode.swift; path = SignRouter.swift; sourceTree = "<group>"; };
		91CFCFDA298002DF0009944D /* SignInRequest.swift */ = {isa = PBXFileReference; lastKnownFileType = sourcecode.swift; path = SignInRequest.swift; sourceTree = "<group>"; };
		91CFCFDC298002E70009944D /* SignUpRequest.swift */ = {isa = PBXFileReference; lastKnownFileType = sourcecode.swift; path = SignUpRequest.swift; sourceTree = "<group>"; };
		91CFCFE0298004CF0009944D /* SignUpRepsonse.swift */ = {isa = PBXFileReference; lastKnownFileType = sourcecode.swift; path = SignUpRepsonse.swift; sourceTree = "<group>"; };
		91D7C51029649C78005AF859 /* ReviewViewController.swift */ = {isa = PBXFileReference; lastKnownFileType = sourcecode.swift; path = ReviewViewController.swift; sourceTree = "<group>"; };
		91D7C5152964A034005AF859 /* ReviewTableCell.swift */ = {isa = PBXFileReference; lastKnownFileType = sourcecode.swift; path = ReviewTableCell.swift; sourceTree = "<group>"; };
		91E0824C298BA96D0033D39E /* RequestMatchingRequest.swift */ = {isa = PBXFileReference; lastKnownFileType = sourcecode.swift; path = RequestMatchingRequest.swift; sourceTree = "<group>"; };
		91E0824E298BA9AD0033D39E /* RequestMatchingResponse.swift */ = {isa = PBXFileReference; lastKnownFileType = sourcecode.swift; path = RequestMatchingResponse.swift; sourceTree = "<group>"; };
		91E08254298BEFA80033D39E /* MatchingListResponse.swift */ = {isa = PBXFileReference; lastKnownFileType = sourcecode.swift; name = MatchingListResponse.swift; path = "../../../../../../.Trash/FIT-I-iOS 오후 10.09.39/FITI/FITI/Network/DTO/Customer/MatchingListResponse.swift"; sourceTree = "<group>"; };
		91E08256298C01A10033D39E /* RequestSheetViewController.swift */ = {isa = PBXFileReference; lastKnownFileType = sourcecode.swift; path = RequestSheetViewController.swift; sourceTree = "<group>"; };
		91E08259298C06620033D39E /* MatchSheetResponse.swift */ = {isa = PBXFileReference; lastKnownFileType = sourcecode.swift; path = MatchSheetResponse.swift; sourceTree = "<group>"; };
		91E0825B298C0F570033D39E /* BaseURL.swift */ = {isa = PBXFileReference; lastKnownFileType = sourcecode.swift; path = BaseURL.swift; sourceTree = "<group>"; };
		91F75B01296C10A800B31F3B /* TabManViewController.swift */ = {isa = PBXFileReference; lastKnownFileType = sourcecode.swift; path = TabManViewController.swift; sourceTree = "<group>"; };
		91F75B04296C111900B31F3B /* DietTrainerViewController.swift */ = {isa = PBXFileReference; lastKnownFileType = sourcecode.swift; path = DietTrainerViewController.swift; sourceTree = "<group>"; };
		91F75B06296C116500B31F3B /* FoodTrainerViewController.swift */ = {isa = PBXFileReference; lastKnownFileType = sourcecode.swift; path = FoodTrainerViewController.swift; sourceTree = "<group>"; };
		91F75B08296C11A800B31F3B /* RehabilitationTrainerViewController.swift */ = {isa = PBXFileReference; lastKnownFileType = sourcecode.swift; path = RehabilitationTrainerViewController.swift; sourceTree = "<group>"; };
		91F75B0A296C11D700B31F3B /* FriendTrainerViewController.swift */ = {isa = PBXFileReference; lastKnownFileType = sourcecode.swift; path = FriendTrainerViewController.swift; sourceTree = "<group>"; };
		91FDB3E02982637200053795 /* CustomerRouter.swift */ = {isa = PBXFileReference; lastKnownFileType = sourcecode.swift; path = CustomerRouter.swift; sourceTree = "<group>"; };
		91FDB3E42982662700053795 /* WriteReviewRequest.swift */ = {isa = PBXFileReference; lastKnownFileType = sourcecode.swift; path = WriteReviewRequest.swift; sourceTree = "<group>"; };
/* End PBXFileReference section */

/* Begin PBXFrameworksBuildPhase section */
		91C32D28296184AA00F29DA5 /* Frameworks */ = {
			isa = PBXFrameworksBuildPhase;
			buildActionMask = 2147483647;
			files = (
				91CFCFCA297FFA4D0009944D /* RealmSwift in Frameworks */,
				91C32D46296185B900F29DA5 /* SnapKit in Frameworks */,
				91F75B00296C109200B31F3B /* Tabman in Frameworks */,
				910D80652965E5C200828E4B /* FSCalendar in Frameworks */,
				91783EAF298680BE00B8CC2E /* Kingfisher in Frameworks */,
				913E02CD2963505A001CC92B /* Then in Frameworks */,
				91CFCFD3298001ED0009944D /* Moya in Frameworks */,
				91CFCFC8297FFA4D0009944D /* Realm in Frameworks */,
			);
			runOnlyForDeploymentPostprocessing = 0;
		};
/* End PBXFrameworksBuildPhase section */

/* Begin PBXGroup section */
		910182B929618C7900FC10DB /* Extension */ = {
			isa = PBXGroup;
			children = (
				91C32D492961863E00F29DA5 /* UIColor+.swift */,
				913E02C6296334C4001CC92B /* UIStackView+.swift */,
				91185FCD296DBD2A0099B641 /* UIView+.swift */,
				917D3CFD296EB3330060F802 /* UITextField+.swift */,
				917D3CFF296EBA2D0060F802 /* UIViewController+.swift */,
			);
			path = Extension;
			sourceTree = "<group>";
		};
		910182BC29618CA100FC10DB /* Home */ = {
			isa = PBXGroup;
			children = (
				91F75B01296C10A800B31F3B /* TabManViewController.swift */,
				91F75B0C296C126000B31F3B /* PersonalTrainer  */,
				91F75B0E296C128A00B31F3B /* DietTrainer */,
				91F75B0F296C129400B31F3B /* FoodTrainer */,
				91F75B10296C12AA00B31F3B /* RehabilitationTrainer */,
				91F75B11296C12C100B31F3B /* FriendTrainer */,
			);
			path = Home;
			sourceTree = "<group>";
		};
		910182BD29618CA700FC10DB /* Community */ = {
			isa = PBXGroup;
			children = (
				91C32D4F2961868500F29DA5 /* CommunityViewController.swift */,
				916A2C46297056F2005F0420 /* CommunityTableCell.swift */,
				91E08256298C01A10033D39E /* RequestSheetViewController.swift */,
			);
			path = Community;
			sourceTree = "<group>";
		};
		910182BE29618CAF00FC10DB /* Chat */ = {
			isa = PBXGroup;
			children = (
				91C32D512961869000F29DA5 /* ChatViewController.swift */,
			);
			path = Chat;
			sourceTree = "<group>";
		};
		910182BF29618CB500FC10DB /* MyPage */ = {
			isa = PBXGroup;
			children = (
				91C32D532961869C00F29DA5 /* MyPageViewController.swift */,
				9130CA11296B081300FC5107 /* View */,
				9130CA10296B07D900FC5107 /* DetailView */,
			);
			path = MyPage;
			sourceTree = "<group>";
		};
		910182C029618CCA00FC10DB /* SignIn */ = {
			isa = PBXGroup;
			children = (
				916A2C48297090D3005F0420 /* FindPwViewController.swift */,
				91C32D422961857400F29DA5 /* SignInViewController.swift */,
				917D3CF5296EB26C0060F802 /* GradeTableViewController.swift */,
			);
			path = SignIn;
			sourceTree = "<group>";
		};
		910D80522965667100828E4B /* RequestSheet */ = {
			isa = PBXGroup;
			children = (
				910D805E2965E26200828E4B /* PickService */,
				910D805F2965E2DC00828E4B /* PickDate */,
				910D80602965E2EB00828E4B /* PickPlace */,
				910D80622965E30600828E4B /* RequestResult */,
			);
			path = RequestSheet;
			sourceTree = "<group>";
		};
		910D805E2965E26200828E4B /* PickService */ = {
			isa = PBXGroup;
			children = (
				910D8053296566D100828E4B /* PickServiceViewController.swift */,
				910D805C2965DBEE00828E4B /* PickServiceView.swift */,
			);
			path = PickService;
			sourceTree = "<group>";
		};
		910D805F2965E2DC00828E4B /* PickDate */ = {
			isa = PBXGroup;
			children = (
				910D805529656AA400828E4B /* PickDateViewController.swift */,
			);
			path = PickDate;
			sourceTree = "<group>";
		};
		910D80602965E2EB00828E4B /* PickPlace */ = {
			isa = PBXGroup;
			children = (
				910D805829656ACE00828E4B /* PickPlaceViewController.swift */,
			);
			path = PickPlace;
			sourceTree = "<group>";
		};
		910D80622965E30600828E4B /* RequestResult */ = {
			isa = PBXGroup;
			children = (
				910D805A2965878300828E4B /* RequestResultViewController.swift */,
				91877D692969269D0074386B /* RequestSheet.swift */,
			);
			path = RequestResult;
			sourceTree = "<group>";
		};
		910D80662966C98E00828E4B /* SignUp */ = {
			isa = PBXGroup;
			children = (
				917D3CF7296EB2D30060F802 /* SignUpViewController.swift */,
				917D3CF9296EB2E90060F802 /* PolicyViewController.swift */,
			);
			path = SignUp;
			sourceTree = "<group>";
		};
		91185FCA296D8CB10099B641 /* View */ = {
			isa = PBXGroup;
			children = (
				91185FBC296D7E3A0099B641 /* HeadView.swift */,
				91185FBE296D83330099B641 /* BodyPriceView.swift */,
				9163A4C22977111D00577DC3 /* BodyIntro */,
				9163A4C32977114600577DC3 /* BodyIntroAboutService */,
				9163A4C6297716A400577DC3 /* BodyReview */,
				91185FC6296D88DA0099B641 /* BottomPhotoView.swift */,
				91185FC8296D8C360099B641 /* BookCVC.swift */,
			);
			path = View;
			sourceTree = "<group>";
		};
		9130CA10296B07D900FC5107 /* DetailView */ = {
			isa = PBXGroup;
			children = (
				9130CA12296B0F2000FC5107 /* Setting */,
				9130CA19296B136100FC5107 /* SettingProfile */,
				9130CA15296B133200FC5107 /* HeartList */,
				9130CA16296B134000FC5107 /* Location */,
				9130CA17296B134B00FC5107 /* Notice */,
				9130CA18296B135400FC5107 /* Clause */,
			);
			path = DetailView;
			sourceTree = "<group>";
		};
		9130CA11296B081300FC5107 /* View */ = {
			isa = PBXGroup;
			children = (
				91877D6B2969A0A00074386B /* ProfileView.swift */,
				91877D6D2969A9260074386B /* NotificationSwitch.swift */,
				91877D6F2969B1970074386B /* BottomView.swift */,
				9130CA02296AFBFE00FC5107 /* BottomBtnView.swift */,
			);
			path = View;
			sourceTree = "<group>";
		};
		9130CA12296B0F2000FC5107 /* Setting */ = {
			isa = PBXGroup;
			children = (
				9130CA04296B023C00FC5107 /* SettingViewController.swift */,
				9130CA13296B0F9F00FC5107 /* WithdrawViewController.swift */,
			);
			path = Setting;
			sourceTree = "<group>";
		};
		9130CA15296B133200FC5107 /* HeartList */ = {
			isa = PBXGroup;
			children = (
				9130CA06296B034600FC5107 /* HeartListViewController.swift */,
				91783EAB29867A0400B8CC2E /* HeartListTableCell.swift */,
			);
			path = HeartList;
			sourceTree = "<group>";
		};
		9130CA16296B134000FC5107 /* Location */ = {
			isa = PBXGroup;
			children = (
				9130CA08296B055100FC5107 /* SearchViewController.swift */,
				9130CA23296B558900FC5107 /* SearchTVC.swift */,
			);
			path = Location;
			sourceTree = "<group>";
		};
		9130CA17296B134B00FC5107 /* Notice */ = {
			isa = PBXGroup;
			children = (
				9130CA0A296B055E00FC5107 /* NoticeViewController.swift */,
			);
			path = Notice;
			sourceTree = "<group>";
		};
		9130CA18296B135400FC5107 /* Clause */ = {
			isa = PBXGroup;
			children = (
				9130CA0C296B056B00FC5107 /* ClauseViewController.swift */,
			);
			path = Clause;
			sourceTree = "<group>";
		};
		9130CA19296B136100FC5107 /* SettingProfile */ = {
			isa = PBXGroup;
			children = (
				9130CA0E296B063100FC5107 /* SettingProfileViewController.swift */,
				9130CA1C296B3CAF00FC5107 /* BottomInfoView.swift */,
				9130CA20296B4D4800FC5107 /* SettingUserName */,
			);
			path = SettingProfile;
			sourceTree = "<group>";
		};
		9130CA20296B4D4800FC5107 /* SettingUserName */ = {
			isa = PBXGroup;
			children = (
				9130CA1E296B473200FC5107 /* SettingUserNameViewController.swift */,
			);
			path = SettingUserName;
			sourceTree = "<group>";
		};
		913E02C829634607001CC92B /* TrainerDetail */ = {
			isa = PBXGroup;
			children = (
				91185FCB296DBCC80099B641 /* TrainerDetailViewController.swift */,
				91185FCA296D8CB10099B641 /* View */,
				91D7C51229649F94005AF859 /* Review */,
			);
			path = TrainerDetail;
			sourceTree = "<group>";
		};
		9163A4C22977111D00577DC3 /* BodyIntro */ = {
			isa = PBXGroup;
			children = (
				91185FC0296D85160099B641 /* BodyIntroView.swift */,
				9163A4C02977081600577DC3 /* DetailBodyIntroView.swift */,
				9163A4BC2976FC5C00577DC3 /* DetailBodyIntroViewController.swift */,
			);
			path = BodyIntro;
			sourceTree = "<group>";
		};
		9163A4C32977114600577DC3 /* BodyIntroAboutService */ = {
			isa = PBXGroup;
			children = (
				91185FC2296D86900099B641 /* BodyIntroAboutServiceView.swift */,
				9163A4BE2976FC6D00577DC3 /* DetailBodyIntroAboutServiceView.swift */,
				9163A4C4297711A500577DC3 /* DetailBodyIntroAboutServiceViewController.swift */,
			);
			path = BodyIntroAboutService;
			sourceTree = "<group>";
		};
		9163A4C6297716A400577DC3 /* BodyReview */ = {
			isa = PBXGroup;
			children = (
				91185FC4296D87930099B641 /* BodyReviewView.swift */,
				91185FCF296DBD6C0099B641 /* PreviewReviewTableCell.swift */,
			);
			path = BodyReview;
			sourceTree = "<group>";
		};
		91783E9729863C5100B8CC2E /* DTO */ = {
			isa = PBXGroup;
			children = (
				91783EA429863E9900B8CC2E /* Trainer */,
				91783E9D29863D4100B8CC2E /* MyPage */,
				91FDB3DF2982634200053795 /* Customer */,
				91CFCFDE2980031E0009944D /* Sign */,
			);
			path = DTO;
			sourceTree = "<group>";
		};
		91783E9829863C5B00B8CC2E /* API */ = {
			isa = PBXGroup;
			children = (
				91783E9E29863D9700B8CC2E /* MyPageAPI.swift */,
				91783EA029863DA300B8CC2E /* TrainerAPI.swift */,
				91783EA229863DAC00B8CC2E /* SignAPI.swift */,
				91783EA7298641DB00B8CC2E /* CustomerAPI.swift */,
			);
			path = API;
			sourceTree = "<group>";
		};
		91783E9A29863C6D00B8CC2E /* Router */ = {
			isa = PBXGroup;
			children = (
				9181B6E92983C33C001D9427 /* MyPageRouter.swift */,
				91CFCFD62980021C0009944D /* SignRouter.swift */,
				91FDB3E02982637200053795 /* CustomerRouter.swift */,
				91783EA5298640FA00B8CC2E /* TrainerRouter.swift */,
			);
			path = Router;
			sourceTree = "<group>";
		};
		91783E9D29863D4100B8CC2E /* MyPage */ = {
			isa = PBXGroup;
			children = (
				9181B6EB2983C448001D9427 /* MyPageResponse.swift */,
				9181B6E62982BACD001D9427 /* PetchLocationResponse.swift */,
				9181B6E42982AA73001D9427 /* HeartListResponse.swift */,
			);
			path = MyPage;
			sourceTree = "<group>";
		};
		91783EA429863E9900B8CC2E /* Trainer */ = {
			isa = PBXGroup;
			children = (
				91BE526D29854BD2006DA3AB /* TrainerArrayListRequest.swift */,
				91BE526B29854B31006DA3AB /* TrainerListResponse.swift */,
				91783EB029869FFB00B8CC2E /* SpecificTrainerResponse.swift */,
			);
			path = Trainer;
			sourceTree = "<group>";
		};
		918F5FF22989125300AADC10 /* Loading */ = {
			isa = PBXGroup;
			children = (
				918F5FF0298911C000AADC10 /* LoadingView.swift */,
			);
			path = Loading;
			sourceTree = "<group>";
		};
		91C32D22296184AA00F29DA5 = {
			isa = PBXGroup;
			children = (
				91C32D2D296184AA00F29DA5 /* FITI */,
				91C32D2C296184AA00F29DA5 /* Products */,
			);
			sourceTree = "<group>";
		};
		91C32D2C296184AA00F29DA5 /* Products */ = {
			isa = PBXGroup;
			children = (
				91C32D2B296184AA00F29DA5 /* FITI.app */,
			);
			name = Products;
			sourceTree = "<group>";
		};
		91C32D2D296184AA00F29DA5 /* FITI */ = {
			isa = PBXGroup;
			children = (
				91CFCFD4298001F50009944D /* LocalDB */,
				91CFCFC0297FF6F80009944D /* Network */,
				91CFCFBC297FF5280009944D /* Screen */,
				91CFCFBD297FF5EA0009944D /* Global */,
			);
			path = FITI;
			sourceTree = "<group>";
		};
		91CFCFBC297FF5280009944D /* Screen */ = {
			isa = PBXGroup;
			children = (
				91C32D39296184AD00F29DA5 /* LaunchScreen.storyboard */,
				91C32D4B2961866100F29DA5 /* TabBarController.swift */,
				910182BC29618CA100FC10DB /* Home */,
				913E02C829634607001CC92B /* TrainerDetail */,
				910D80522965667100828E4B /* RequestSheet */,
				910182BD29618CA700FC10DB /* Community */,
				910182BE29618CAF00FC10DB /* Chat */,
				910182BF29618CB500FC10DB /* MyPage */,
				910D80662966C98E00828E4B /* SignUp */,
				910182C029618CCA00FC10DB /* SignIn */,
			);
			path = Screen;
			sourceTree = "<group>";
		};
		91CFCFBD297FF5EA0009944D /* Global */ = {
			isa = PBXGroup;
			children = (
				918F5FF22989125300AADC10 /* Loading */,
				910182B929618C7900FC10DB /* Extension */,
				91CFCFBF297FF68A0009944D /* Resource */,
				91CFCFBE297FF62B0009944D /* Supports */,
			);
			path = Global;
			sourceTree = "<group>";
		};
		91CFCFBE297FF62B0009944D /* Supports */ = {
			isa = PBXGroup;
			children = (
				91C32D30296184AA00F29DA5 /* SceneDelegate.swift */,
				91C32D2E296184AA00F29DA5 /* AppDelegate.swift */,
			);
			path = Supports;
			sourceTree = "<group>";
		};
		91CFCFBF297FF68A0009944D /* Resource */ = {
			isa = PBXGroup;
			children = (
				91C32D37296184AD00F29DA5 /* Assets.xcassets */,
			);
			path = Resource;
			sourceTree = "<group>";
		};
		91CFCFC0297FF6F80009944D /* Network */ = {
			isa = PBXGroup;
			children = (
				91783E9A29863C6D00B8CC2E /* Router */,
				91783E9829863C5B00B8CC2E /* API */,
				91783E9729863C5100B8CC2E /* DTO */,
				91E0825B298C0F570033D39E /* BaseURL.swift */,
			);
			path = Network;
			sourceTree = "<group>";
		};
		91CFCFD4298001F50009944D /* LocalDB */ = {
			isa = PBXGroup;
			children = (
				91CFCFC1297FF8D40009944D /* RealmService.swift */,
				91CFCFCB297FFA710009944D /* Token.swift */,
				91CFCFCD297FFAFC0009944D /* Profile.swift */,
				91CFCFCF297FFB720009944D /* CustomNotification.swift */,
			);
			path = LocalDB;
			sourceTree = "<group>";
		};
		91CFCFDE2980031E0009944D /* Sign */ = {
			isa = PBXGroup;
			children = (
				91783E9B29863D1400B8CC2E /* SignInResponse.swift */,
				91CFCFDA298002DF0009944D /* SignInRequest.swift */,
				91CFCFE0298004CF0009944D /* SignUpRepsonse.swift */,
				91CFCFDC298002E70009944D /* SignUpRequest.swift */,
			);
			path = Sign;
			sourceTree = "<group>";
		};
		91D7C51229649F94005AF859 /* Review */ = {
			isa = PBXGroup;
			children = (
				91D7C51029649C78005AF859 /* ReviewViewController.swift */,
				91D7C5152964A034005AF859 /* ReviewTableCell.swift */,
			);
			path = Review;
			sourceTree = "<group>";
		};
		91F75B0C296C126000B31F3B /* PersonalTrainer  */ = {
			isa = PBXGroup;
			children = (
				91C32D4D2961867600F29DA5 /* HomeViewController.swift */,
				910182C22961961D00FC10DB /* TrainerTableCell.swift */,
			);
			path = "PersonalTrainer ";
			sourceTree = "<group>";
		};
		91F75B0E296C128A00B31F3B /* DietTrainer */ = {
			isa = PBXGroup;
			children = (
				91F75B04296C111900B31F3B /* DietTrainerViewController.swift */,
			);
			path = DietTrainer;
			sourceTree = "<group>";
		};
		91F75B0F296C129400B31F3B /* FoodTrainer */ = {
			isa = PBXGroup;
			children = (
				91F75B06296C116500B31F3B /* FoodTrainerViewController.swift */,
			);
			path = FoodTrainer;
			sourceTree = "<group>";
		};
		91F75B10296C12AA00B31F3B /* RehabilitationTrainer */ = {
			isa = PBXGroup;
			children = (
				91F75B08296C11A800B31F3B /* RehabilitationTrainerViewController.swift */,
			);
			path = RehabilitationTrainer;
			sourceTree = "<group>";
		};
		91F75B11296C12C100B31F3B /* FriendTrainer */ = {
			isa = PBXGroup;
			children = (
				91F75B0A296C11D700B31F3B /* FriendTrainerViewController.swift */,
			);
			path = FriendTrainer;
			sourceTree = "<group>";
		};
		91FDB3DF2982634200053795 /* Customer */ = {
			isa = PBXGroup;
			children = (
				91FDB3E42982662700053795 /* WriteReviewRequest.swift */,
				91783EB22986B73800B8CC2E /* DeleteHeartResponse.swift */,
				91783EB42986B76100B8CC2E /* AddHeartResponse.swift */,
				91E0824C298BA96D0033D39E /* RequestMatchingRequest.swift */,
				91E0824E298BA9AD0033D39E /* RequestMatchingResponse.swift */,
				91E08254298BEFA80033D39E /* MatchingListResponse.swift */,
				91E08259298C06620033D39E /* MatchSheetResponse.swift */,
			);
			path = Customer;
			sourceTree = "<group>";
		};
/* End PBXGroup section */

/* Begin PBXNativeTarget section */
		91C32D2A296184AA00F29DA5 /* FITI */ = {
			isa = PBXNativeTarget;
			buildConfigurationList = 91C32D3F296184AD00F29DA5 /* Build configuration list for PBXNativeTarget "FITI" */;
			buildPhases = (
				91C32D27296184AA00F29DA5 /* Sources */,
				91C32D28296184AA00F29DA5 /* Frameworks */,
				91C32D29296184AA00F29DA5 /* Resources */,
			);
			buildRules = (
			);
			dependencies = (
			);
			name = FITI;
			packageProductDependencies = (
				91C32D45296185B900F29DA5 /* SnapKit */,
				913E02CC2963505A001CC92B /* Then */,
				910D80642965E5C200828E4B /* FSCalendar */,
				91F75AFF296C109200B31F3B /* Tabman */,
				91CFCFC7297FFA4D0009944D /* Realm */,
				91CFCFC9297FFA4D0009944D /* RealmSwift */,
				91CFCFD2298001ED0009944D /* Moya */,
				91783EAE298680BE00B8CC2E /* Kingfisher */,
			);
			productName = FITI;
			productReference = 91C32D2B296184AA00F29DA5 /* FITI.app */;
			productType = "com.apple.product-type.application";
		};
/* End PBXNativeTarget section */

/* Begin PBXProject section */
		91C32D23296184AA00F29DA5 /* Project object */ = {
			isa = PBXProject;
			attributes = {
				BuildIndependentTargetsInParallel = 1;
				LastSwiftUpdateCheck = 1420;
				LastUpgradeCheck = 1420;
				TargetAttributes = {
					91C32D2A296184AA00F29DA5 = {
						CreatedOnToolsVersion = 14.2;
					};
				};
			};
			buildConfigurationList = 91C32D26296184AA00F29DA5 /* Build configuration list for PBXProject "FITI" */;
			compatibilityVersion = "Xcode 14.0";
			developmentRegion = en;
			hasScannedForEncodings = 0;
			knownRegions = (
				en,
				Base,
			);
			mainGroup = 91C32D22296184AA00F29DA5;
			packageReferences = (
				91C32D44296185B900F29DA5 /* XCRemoteSwiftPackageReference "SnapKit" */,
				913E02CB2963505A001CC92B /* XCRemoteSwiftPackageReference "Then" */,
				910D80632965E5C200828E4B /* XCRemoteSwiftPackageReference "FSCalendar" */,
				91F75AFE296C109200B31F3B /* XCRemoteSwiftPackageReference "Tabman" */,
				91CFCFC6297FFA4D0009944D /* XCRemoteSwiftPackageReference "realm-swift" */,
				91CFCFD1298001ED0009944D /* XCRemoteSwiftPackageReference "Moya" */,
				91783EAD298680BE00B8CC2E /* XCRemoteSwiftPackageReference "Kingfisher" */,
			);
			productRefGroup = 91C32D2C296184AA00F29DA5 /* Products */;
			projectDirPath = "";
			projectRoot = "";
			targets = (
				91C32D2A296184AA00F29DA5 /* FITI */,
			);
		};
/* End PBXProject section */

/* Begin PBXResourcesBuildPhase section */
		91C32D29296184AA00F29DA5 /* Resources */ = {
			isa = PBXResourcesBuildPhase;
			buildActionMask = 2147483647;
			files = (
				91C32D3B296184AD00F29DA5 /* LaunchScreen.storyboard in Resources */,
				91C32D38296184AD00F29DA5 /* Assets.xcassets in Resources */,
			);
			runOnlyForDeploymentPostprocessing = 0;
		};
/* End PBXResourcesBuildPhase section */

/* Begin PBXSourcesBuildPhase section */
		91C32D27296184AA00F29DA5 /* Sources */ = {
			isa = PBXSourcesBuildPhase;
			buildActionMask = 2147483647;
			files = (
				91877D6C2969A0A00074386B /* ProfileView.swift in Sources */,
				917D3CF8296EB2D30060F802 /* SignUpViewController.swift in Sources */,
				910182C32961961D00FC10DB /* TrainerTableCell.swift in Sources */,
				9163A4BD2976FC5C00577DC3 /* DetailBodyIntroViewController.swift in Sources */,
				910D8054296566D100828E4B /* PickServiceViewController.swift in Sources */,
				91D7C51129649C78005AF859 /* ReviewViewController.swift in Sources */,
				91185FC7296D88DA0099B641 /* BottomPhotoView.swift in Sources */,
				917D3CFA296EB2E90060F802 /* PolicyViewController.swift in Sources */,
				91877D6A2969269D0074386B /* RequestSheet.swift in Sources */,
				91783E9F29863D9700B8CC2E /* MyPageAPI.swift in Sources */,
				91CFCFE1298004CF0009944D /* SignUpRepsonse.swift in Sources */,
				91C32D432961857400F29DA5 /* SignInViewController.swift in Sources */,
				91185FC1296D85160099B641 /* BodyIntroView.swift in Sources */,
				91E08255298BEFA80033D39E /* MatchingListResponse.swift in Sources */,
				91185FC9296D8C360099B641 /* BookCVC.swift in Sources */,
				91F75B07296C116500B31F3B /* FoodTrainerViewController.swift in Sources */,
				9130CA24296B558900FC5107 /* SearchTVC.swift in Sources */,
				91783EA6298640FA00B8CC2E /* TrainerRouter.swift in Sources */,
				91BE526E29854BD2006DA3AB /* TrainerArrayListRequest.swift in Sources */,
				9163A4C5297711A500577DC3 /* DetailBodyIntroAboutServiceViewController.swift in Sources */,
				91C32D502961868500F29DA5 /* CommunityViewController.swift in Sources */,
				91783EB129869FFB00B8CC2E /* SpecificTrainerResponse.swift in Sources */,
				91783EA129863DA300B8CC2E /* TrainerAPI.swift in Sources */,
				9181B6EA2983C33C001D9427 /* MyPageRouter.swift in Sources */,
				91CFCFCE297FFAFC0009944D /* Profile.swift in Sources */,
				91C32D4E2961867600F29DA5 /* HomeViewController.swift in Sources */,
				91E08257298C01A10033D39E /* RequestSheetViewController.swift in Sources */,
				9163A4BF2976FC6D00577DC3 /* DetailBodyIntroAboutServiceView.swift in Sources */,
				91E0824F298BA9AD0033D39E /* RequestMatchingResponse.swift in Sources */,
				91185FC3296D86900099B641 /* BodyIntroAboutServiceView.swift in Sources */,
				91C32D2F296184AA00F29DA5 /* AppDelegate.swift in Sources */,
				91F75B02296C10A800B31F3B /* TabManViewController.swift in Sources */,
				9181B6EC2983C448001D9427 /* MyPageResponse.swift in Sources */,
				91E0824D298BA96D0033D39E /* RequestMatchingRequest.swift in Sources */,
				91F75B05296C111900B31F3B /* DietTrainerViewController.swift in Sources */,
				9130CA07296B034600FC5107 /* HeartListViewController.swift in Sources */,
				9181B6E72982BACD001D9427 /* PetchLocationResponse.swift in Sources */,
				91783EB32986B73800B8CC2E /* DeleteHeartResponse.swift in Sources */,
				91783EAC29867A0400B8CC2E /* HeartListTableCell.swift in Sources */,
				91185FC5296D87930099B641 /* BodyReviewView.swift in Sources */,
				91C32D542961869C00F29DA5 /* MyPageViewController.swift in Sources */,
				9130CA0F296B063100FC5107 /* SettingProfileViewController.swift in Sources */,
				91BE526C29854B31006DA3AB /* TrainerListResponse.swift in Sources */,
				91F75B0B296C11D700B31F3B /* FriendTrainerViewController.swift in Sources */,
				910D805929656ACE00828E4B /* PickPlaceViewController.swift in Sources */,
				91185FD0296DBD6C0099B641 /* PreviewReviewTableCell.swift in Sources */,
				917D3CFE296EB3330060F802 /* UITextField+.swift in Sources */,
				9163A4C12977081600577DC3 /* DetailBodyIntroView.swift in Sources */,
				91185FCC296DBCC80099B641 /* TrainerDetailViewController.swift in Sources */,
				91783EB52986B76100B8CC2E /* AddHeartResponse.swift in Sources */,
				91877D702969B1970074386B /* BottomView.swift in Sources */,
				91185FBF296D83330099B641 /* BodyPriceView.swift in Sources */,
				9130CA14296B0F9F00FC5107 /* WithdrawViewController.swift in Sources */,
				917D3CF6296EB26C0060F802 /* GradeTableViewController.swift in Sources */,
				91CFCFDB298002DF0009944D /* SignInRequest.swift in Sources */,
				913E02C7296334C4001CC92B /* UIStackView+.swift in Sources */,
				91FDB3E52982662700053795 /* WriteReviewRequest.swift in Sources */,
				9130CA1D296B3CAF00FC5107 /* BottomInfoView.swift in Sources */,
				91783E9C29863D1400B8CC2E /* SignInResponse.swift in Sources */,
				91E0825A298C06620033D39E /* MatchSheetResponse.swift in Sources */,
				91CFCFCC297FFA710009944D /* Token.swift in Sources */,
				91CFCFD72980021C0009944D /* SignRouter.swift in Sources */,
				910D805D2965DBEE00828E4B /* PickServiceView.swift in Sources */,
				9130CA03296AFBFE00FC5107 /* BottomBtnView.swift in Sources */,
				91D7C5162964A034005AF859 /* ReviewTableCell.swift in Sources */,
				91FDB3E12982637200053795 /* CustomerRouter.swift in Sources */,
				91185FBD296D7E3A0099B641 /* HeadView.swift in Sources */,
				9130CA05296B023C00FC5107 /* SettingViewController.swift in Sources */,
				9130CA09296B055100FC5107 /* SearchViewController.swift in Sources */,
				9181B6E52982AA73001D9427 /* HeartListResponse.swift in Sources */,
				91CFCFDD298002E70009944D /* SignUpRequest.swift in Sources */,
				917D3D00296EBA2D0060F802 /* UIViewController+.swift in Sources */,
				9130CA1F296B473200FC5107 /* SettingUserNameViewController.swift in Sources */,
				91783EA8298641DB00B8CC2E /* CustomerAPI.swift in Sources */,
				918F5FF1298911C000AADC10 /* LoadingView.swift in Sources */,
				916A2C49297090D3005F0420 /* FindPwViewController.swift in Sources */,
				9130CA0B296B055E00FC5107 /* NoticeViewController.swift in Sources */,
				910D805B2965878300828E4B /* RequestResultViewController.swift in Sources */,
				91CFCFD0297FFB720009944D /* CustomNotification.swift in Sources */,
				91783EA329863DAC00B8CC2E /* SignAPI.swift in Sources */,
				91185FCE296DBD2A0099B641 /* UIView+.swift in Sources */,
				91C32D4C2961866100F29DA5 /* TabBarController.swift in Sources */,
				916A2C47297056F2005F0420 /* CommunityTableCell.swift in Sources */,
				91C32D31296184AA00F29DA5 /* SceneDelegate.swift in Sources */,
				91C32D522961869000F29DA5 /* ChatViewController.swift in Sources */,
				91F75B09296C11A800B31F3B /* RehabilitationTrainerViewController.swift in Sources */,
				91C32D4A2961863E00F29DA5 /* UIColor+.swift in Sources */,
				91CFCFC2297FF8D40009944D /* RealmService.swift in Sources */,
				9130CA0D296B056B00FC5107 /* ClauseViewController.swift in Sources */,
				910D805629656AA400828E4B /* PickDateViewController.swift in Sources */,
				91E0825C298C0F570033D39E /* BaseURL.swift in Sources */,
				91877D6E2969A9260074386B /* NotificationSwitch.swift in Sources */,
			);
			runOnlyForDeploymentPostprocessing = 0;
		};
/* End PBXSourcesBuildPhase section */

/* Begin PBXVariantGroup section */
		91C32D39296184AD00F29DA5 /* LaunchScreen.storyboard */ = {
			isa = PBXVariantGroup;
			children = (
				91C32D3A296184AD00F29DA5 /* Base */,
			);
			name = LaunchScreen.storyboard;
			sourceTree = "<group>";
		};
/* End PBXVariantGroup section */

/* Begin XCBuildConfiguration section */
		91C32D3D296184AD00F29DA5 /* Debug */ = {
			isa = XCBuildConfiguration;
			buildSettings = {
				ALWAYS_SEARCH_USER_PATHS = NO;
				CLANG_ANALYZER_NONNULL = YES;
				CLANG_ANALYZER_NUMBER_OBJECT_CONVERSION = YES_AGGRESSIVE;
				CLANG_CXX_LANGUAGE_STANDARD = "gnu++20";
				CLANG_ENABLE_MODULES = YES;
				CLANG_ENABLE_OBJC_ARC = YES;
				CLANG_ENABLE_OBJC_WEAK = YES;
				CLANG_WARN_BLOCK_CAPTURE_AUTORELEASING = YES;
				CLANG_WARN_BOOL_CONVERSION = YES;
				CLANG_WARN_COMMA = YES;
				CLANG_WARN_CONSTANT_CONVERSION = YES;
				CLANG_WARN_DEPRECATED_OBJC_IMPLEMENTATIONS = YES;
				CLANG_WARN_DIRECT_OBJC_ISA_USAGE = YES_ERROR;
				CLANG_WARN_DOCUMENTATION_COMMENTS = YES;
				CLANG_WARN_EMPTY_BODY = YES;
				CLANG_WARN_ENUM_CONVERSION = YES;
				CLANG_WARN_INFINITE_RECURSION = YES;
				CLANG_WARN_INT_CONVERSION = YES;
				CLANG_WARN_NON_LITERAL_NULL_CONVERSION = YES;
				CLANG_WARN_OBJC_IMPLICIT_RETAIN_SELF = YES;
				CLANG_WARN_OBJC_LITERAL_CONVERSION = YES;
				CLANG_WARN_OBJC_ROOT_CLASS = YES_ERROR;
				CLANG_WARN_QUOTED_INCLUDE_IN_FRAMEWORK_HEADER = YES;
				CLANG_WARN_RANGE_LOOP_ANALYSIS = YES;
				CLANG_WARN_STRICT_PROTOTYPES = YES;
				CLANG_WARN_SUSPICIOUS_MOVE = YES;
				CLANG_WARN_UNGUARDED_AVAILABILITY = YES_AGGRESSIVE;
				CLANG_WARN_UNREACHABLE_CODE = YES;
				CLANG_WARN__DUPLICATE_METHOD_MATCH = YES;
				COPY_PHASE_STRIP = NO;
				DEBUG_INFORMATION_FORMAT = dwarf;
				ENABLE_STRICT_OBJC_MSGSEND = YES;
				ENABLE_TESTABILITY = YES;
				GCC_C_LANGUAGE_STANDARD = gnu11;
				GCC_DYNAMIC_NO_PIC = NO;
				GCC_NO_COMMON_BLOCKS = YES;
				GCC_OPTIMIZATION_LEVEL = 0;
				GCC_PREPROCESSOR_DEFINITIONS = (
					"DEBUG=1",
					"$(inherited)",
				);
				GCC_WARN_64_TO_32_BIT_CONVERSION = YES;
				GCC_WARN_ABOUT_RETURN_TYPE = YES_ERROR;
				GCC_WARN_UNDECLARED_SELECTOR = YES;
				GCC_WARN_UNINITIALIZED_AUTOS = YES_AGGRESSIVE;
				GCC_WARN_UNUSED_FUNCTION = YES;
				GCC_WARN_UNUSED_VARIABLE = YES;
				IPHONEOS_DEPLOYMENT_TARGET = 14.0;
				MTL_ENABLE_DEBUG_INFO = INCLUDE_SOURCE;
				MTL_FAST_MATH = YES;
				ONLY_ACTIVE_ARCH = YES;
				SDKROOT = iphoneos;
				SWIFT_ACTIVE_COMPILATION_CONDITIONS = DEBUG;
				SWIFT_OPTIMIZATION_LEVEL = "-Onone";
			};
			name = Debug;
		};
		91C32D3E296184AD00F29DA5 /* Release */ = {
			isa = XCBuildConfiguration;
			buildSettings = {
				ALWAYS_SEARCH_USER_PATHS = NO;
				CLANG_ANALYZER_NONNULL = YES;
				CLANG_ANALYZER_NUMBER_OBJECT_CONVERSION = YES_AGGRESSIVE;
				CLANG_CXX_LANGUAGE_STANDARD = "gnu++20";
				CLANG_ENABLE_MODULES = YES;
				CLANG_ENABLE_OBJC_ARC = YES;
				CLANG_ENABLE_OBJC_WEAK = YES;
				CLANG_WARN_BLOCK_CAPTURE_AUTORELEASING = YES;
				CLANG_WARN_BOOL_CONVERSION = YES;
				CLANG_WARN_COMMA = YES;
				CLANG_WARN_CONSTANT_CONVERSION = YES;
				CLANG_WARN_DEPRECATED_OBJC_IMPLEMENTATIONS = YES;
				CLANG_WARN_DIRECT_OBJC_ISA_USAGE = YES_ERROR;
				CLANG_WARN_DOCUMENTATION_COMMENTS = YES;
				CLANG_WARN_EMPTY_BODY = YES;
				CLANG_WARN_ENUM_CONVERSION = YES;
				CLANG_WARN_INFINITE_RECURSION = YES;
				CLANG_WARN_INT_CONVERSION = YES;
				CLANG_WARN_NON_LITERAL_NULL_CONVERSION = YES;
				CLANG_WARN_OBJC_IMPLICIT_RETAIN_SELF = YES;
				CLANG_WARN_OBJC_LITERAL_CONVERSION = YES;
				CLANG_WARN_OBJC_ROOT_CLASS = YES_ERROR;
				CLANG_WARN_QUOTED_INCLUDE_IN_FRAMEWORK_HEADER = YES;
				CLANG_WARN_RANGE_LOOP_ANALYSIS = YES;
				CLANG_WARN_STRICT_PROTOTYPES = YES;
				CLANG_WARN_SUSPICIOUS_MOVE = YES;
				CLANG_WARN_UNGUARDED_AVAILABILITY = YES_AGGRESSIVE;
				CLANG_WARN_UNREACHABLE_CODE = YES;
				CLANG_WARN__DUPLICATE_METHOD_MATCH = YES;
				COPY_PHASE_STRIP = NO;
				DEBUG_INFORMATION_FORMAT = "dwarf-with-dsym";
				ENABLE_NS_ASSERTIONS = NO;
				ENABLE_STRICT_OBJC_MSGSEND = YES;
				GCC_C_LANGUAGE_STANDARD = gnu11;
				GCC_NO_COMMON_BLOCKS = YES;
				GCC_WARN_64_TO_32_BIT_CONVERSION = YES;
				GCC_WARN_ABOUT_RETURN_TYPE = YES_ERROR;
				GCC_WARN_UNDECLARED_SELECTOR = YES;
				GCC_WARN_UNINITIALIZED_AUTOS = YES_AGGRESSIVE;
				GCC_WARN_UNUSED_FUNCTION = YES;
				GCC_WARN_UNUSED_VARIABLE = YES;
				IPHONEOS_DEPLOYMENT_TARGET = 14.0;
				MTL_ENABLE_DEBUG_INFO = NO;
				MTL_FAST_MATH = YES;
				SDKROOT = iphoneos;
				SWIFT_COMPILATION_MODE = wholemodule;
				SWIFT_OPTIMIZATION_LEVEL = "-O";
				VALIDATE_PRODUCT = YES;
			};
			name = Release;
		};
		91C32D40296184AD00F29DA5 /* Debug */ = {
			isa = XCBuildConfiguration;
			buildSettings = {
				ASSETCATALOG_COMPILER_APPICON_NAME = AppIcon;
				ASSETCATALOG_COMPILER_GLOBAL_ACCENT_COLOR_NAME = AccentColor;
				CODE_SIGN_STYLE = Automatic;
				CURRENT_PROJECT_VERSION = 1;
				DEVELOPMENT_TEAM = D96A3BCL3R;
				GENERATE_INFOPLIST_FILE = YES;
				INFOPLIST_FILE = FITI/Info.plist;
				INFOPLIST_KEY_UIApplicationSupportsIndirectInputEvents = YES;
				INFOPLIST_KEY_UILaunchStoryboardName = LaunchScreen;
				INFOPLIST_KEY_UISupportedInterfaceOrientations_iPad = "UIInterfaceOrientationPortrait UIInterfaceOrientationPortraitUpsideDown UIInterfaceOrientationLandscapeLeft UIInterfaceOrientationLandscapeRight";
				INFOPLIST_KEY_UISupportedInterfaceOrientations_iPhone = "UIInterfaceOrientationPortrait UIInterfaceOrientationLandscapeLeft UIInterfaceOrientationLandscapeRight";
				LD_RUNPATH_SEARCH_PATHS = (
					"$(inherited)",
					"@executable_path/Frameworks",
				);
				MARKETING_VERSION = 1.0;
				PRODUCT_BUNDLE_IDENTIFIER = com.JuneHyeokHong.FITI;
				PRODUCT_NAME = "$(TARGET_NAME)";
				SWIFT_EMIT_LOC_STRINGS = YES;
				SWIFT_VERSION = 5.0;
				TARGETED_DEVICE_FAMILY = "1,2";
			};
			name = Debug;
		};
		91C32D41296184AD00F29DA5 /* Release */ = {
			isa = XCBuildConfiguration;
			buildSettings = {
				ASSETCATALOG_COMPILER_APPICON_NAME = AppIcon;
				ASSETCATALOG_COMPILER_GLOBAL_ACCENT_COLOR_NAME = AccentColor;
				CODE_SIGN_STYLE = Automatic;
				CURRENT_PROJECT_VERSION = 1;
				DEVELOPMENT_TEAM = D96A3BCL3R;
				GENERATE_INFOPLIST_FILE = YES;
				INFOPLIST_FILE = FITI/Info.plist;
				INFOPLIST_KEY_UIApplicationSupportsIndirectInputEvents = YES;
				INFOPLIST_KEY_UILaunchStoryboardName = LaunchScreen;
				INFOPLIST_KEY_UISupportedInterfaceOrientations_iPad = "UIInterfaceOrientationPortrait UIInterfaceOrientationPortraitUpsideDown UIInterfaceOrientationLandscapeLeft UIInterfaceOrientationLandscapeRight";
				INFOPLIST_KEY_UISupportedInterfaceOrientations_iPhone = "UIInterfaceOrientationPortrait UIInterfaceOrientationLandscapeLeft UIInterfaceOrientationLandscapeRight";
				LD_RUNPATH_SEARCH_PATHS = (
					"$(inherited)",
					"@executable_path/Frameworks",
				);
				MARKETING_VERSION = 1.0;
				PRODUCT_BUNDLE_IDENTIFIER = com.JuneHyeokHong.FITI;
				PRODUCT_NAME = "$(TARGET_NAME)";
				SWIFT_EMIT_LOC_STRINGS = YES;
				SWIFT_VERSION = 5.0;
				TARGETED_DEVICE_FAMILY = "1,2";
			};
			name = Release;
		};
/* End XCBuildConfiguration section */

/* Begin XCConfigurationList section */
		91C32D26296184AA00F29DA5 /* Build configuration list for PBXProject "FITI" */ = {
			isa = XCConfigurationList;
			buildConfigurations = (
				91C32D3D296184AD00F29DA5 /* Debug */,
				91C32D3E296184AD00F29DA5 /* Release */,
			);
			defaultConfigurationIsVisible = 0;
			defaultConfigurationName = Release;
		};
		91C32D3F296184AD00F29DA5 /* Build configuration list for PBXNativeTarget "FITI" */ = {
			isa = XCConfigurationList;
			buildConfigurations = (
				91C32D40296184AD00F29DA5 /* Debug */,
				91C32D41296184AD00F29DA5 /* Release */,
			);
			defaultConfigurationIsVisible = 0;
			defaultConfigurationName = Release;
		};
/* End XCConfigurationList section */

/* Begin XCRemoteSwiftPackageReference section */
		910D80632965E5C200828E4B /* XCRemoteSwiftPackageReference "FSCalendar" */ = {
			isa = XCRemoteSwiftPackageReference;
			repositoryURL = "https://github.com/WenchaoD/FSCalendar.git";
			requirement = {
				branch = master;
				kind = branch;
			};
		};
		913E02CB2963505A001CC92B /* XCRemoteSwiftPackageReference "Then" */ = {
			isa = XCRemoteSwiftPackageReference;
			repositoryURL = "https://github.com/devxoul/Then.git";
			requirement = {
				branch = master;
				kind = branch;
			};
		};
		91783EAD298680BE00B8CC2E /* XCRemoteSwiftPackageReference "Kingfisher" */ = {
			isa = XCRemoteSwiftPackageReference;
			repositoryURL = "https://github.com/onevcat/Kingfisher";
			requirement = {
				branch = master;
				kind = branch;
			};
		};
		91C32D44296185B900F29DA5 /* XCRemoteSwiftPackageReference "SnapKit" */ = {
			isa = XCRemoteSwiftPackageReference;
			repositoryURL = "https://github.com/SnapKit/SnapKit.git";
			requirement = {
				branch = develop;
				kind = branch;
			};
		};
		91CFCFC6297FFA4D0009944D /* XCRemoteSwiftPackageReference "realm-swift" */ = {
			isa = XCRemoteSwiftPackageReference;
			repositoryURL = "https://github.com/realm/realm-swift.git";
			requirement = {
				branch = master;
				kind = branch;
			};
		};
		91CFCFD1298001ED0009944D /* XCRemoteSwiftPackageReference "Moya" */ = {
			isa = XCRemoteSwiftPackageReference;
			repositoryURL = "https://github.com/Moya/Moya";
			requirement = {
				branch = master;
				kind = branch;
			};
		};
		91F75AFE296C109200B31F3B /* XCRemoteSwiftPackageReference "Tabman" */ = {
			isa = XCRemoteSwiftPackageReference;
			repositoryURL = "https://github.com/uias/Tabman";
			requirement = {
				branch = main;
				kind = branch;
			};
		};
/* End XCRemoteSwiftPackageReference section */

/* Begin XCSwiftPackageProductDependency section */
		910D80642965E5C200828E4B /* FSCalendar */ = {
			isa = XCSwiftPackageProductDependency;
			package = 910D80632965E5C200828E4B /* XCRemoteSwiftPackageReference "FSCalendar" */;
			productName = FSCalendar;
		};
		913E02CC2963505A001CC92B /* Then */ = {
			isa = XCSwiftPackageProductDependency;
			package = 913E02CB2963505A001CC92B /* XCRemoteSwiftPackageReference "Then" */;
			productName = Then;
		};
		91783EAE298680BE00B8CC2E /* Kingfisher */ = {
			isa = XCSwiftPackageProductDependency;
			package = 91783EAD298680BE00B8CC2E /* XCRemoteSwiftPackageReference "Kingfisher" */;
			productName = Kingfisher;
		};
		91C32D45296185B900F29DA5 /* SnapKit */ = {
			isa = XCSwiftPackageProductDependency;
			package = 91C32D44296185B900F29DA5 /* XCRemoteSwiftPackageReference "SnapKit" */;
			productName = SnapKit;
		};
		91CFCFC7297FFA4D0009944D /* Realm */ = {
			isa = XCSwiftPackageProductDependency;
			package = 91CFCFC6297FFA4D0009944D /* XCRemoteSwiftPackageReference "realm-swift" */;
			productName = Realm;
		};
		91CFCFC9297FFA4D0009944D /* RealmSwift */ = {
			isa = XCSwiftPackageProductDependency;
			package = 91CFCFC6297FFA4D0009944D /* XCRemoteSwiftPackageReference "realm-swift" */;
			productName = RealmSwift;
		};
		91CFCFD2298001ED0009944D /* Moya */ = {
			isa = XCSwiftPackageProductDependency;
			package = 91CFCFD1298001ED0009944D /* XCRemoteSwiftPackageReference "Moya" */;
			productName = Moya;
		};
		91F75AFF296C109200B31F3B /* Tabman */ = {
			isa = XCSwiftPackageProductDependency;
			package = 91F75AFE296C109200B31F3B /* XCRemoteSwiftPackageReference "Tabman" */;
			productName = Tabman;
		};
/* End XCSwiftPackageProductDependency section */
	};
	rootObject = 91C32D23296184AA00F29DA5 /* Project object */;
}
