// !$*UTF8*$!
{
	archiveVersion = 1;
	classes = {
	};
	objectVersion = 56;
	objects = {

/* Begin PBXBuildFile section */
		910182C32961961D00FC10DB /* TrainerTabelCell.swift in Sources */ = {isa = PBXBuildFile; fileRef = 910182C22961961D00FC10DB /* TrainerTabelCell.swift */; };
		910D8054296566D100828E4B /* PickServiceViewController.swift in Sources */ = {isa = PBXBuildFile; fileRef = 910D8053296566D100828E4B /* PickServiceViewController.swift */; };
		910D805629656AA400828E4B /* PickDateViewController.swift in Sources */ = {isa = PBXBuildFile; fileRef = 910D805529656AA400828E4B /* PickDateViewController.swift */; };
		910D805929656ACE00828E4B /* PickPlaceViewController.swift in Sources */ = {isa = PBXBuildFile; fileRef = 910D805829656ACE00828E4B /* PickPlaceViewController.swift */; };
		910D805B2965878300828E4B /* RequestResultViewController.swift in Sources */ = {isa = PBXBuildFile; fileRef = 910D805A2965878300828E4B /* RequestResultViewController.swift */; };
		910D805D2965DBEE00828E4B /* PickServiceView.swift in Sources */ = {isa = PBXBuildFile; fileRef = 910D805C2965DBEE00828E4B /* PickServiceView.swift */; };
		910D80652965E5C200828E4B /* FSCalendar in Frameworks */ = {isa = PBXBuildFile; productRef = 910D80642965E5C200828E4B /* FSCalendar */; };
		910D80682966C9AA00828E4B /* TrainerCertifyViewController.swift in Sources */ = {isa = PBXBuildFile; fileRef = 910D80672966C9AA00828E4B /* TrainerCertifyViewController.swift */; };
		9130C9FB296AF25800FC5107 /* TermsOfUseViewController.swift in Sources */ = {isa = PBXBuildFile; fileRef = 9130C9FA296AF25800FC5107 /* TermsOfUseViewController.swift */; };
		9130C9FD296AF2F700FC5107 /* serviceAcceptViewController.swift in Sources */ = {isa = PBXBuildFile; fileRef = 9130C9FC296AF2F700FC5107 /* serviceAcceptViewController.swift */; };
		9130C9FF296AF31400FC5107 /* privacyAcceptViewController.swift in Sources */ = {isa = PBXBuildFile; fileRef = 9130C9FE296AF31400FC5107 /* privacyAcceptViewController.swift */; };
		9130CA01296AF33900FC5107 /* financeAcceptViewController.swift in Sources */ = {isa = PBXBuildFile; fileRef = 9130CA00296AF33900FC5107 /* financeAcceptViewController.swift */; };
		9130CA03296AFBFE00FC5107 /* BottomBtnView.swift in Sources */ = {isa = PBXBuildFile; fileRef = 9130CA02296AFBFE00FC5107 /* BottomBtnView.swift */; };
		9130CA05296B023C00FC5107 /* SettingViewController.swift in Sources */ = {isa = PBXBuildFile; fileRef = 9130CA04296B023C00FC5107 /* SettingViewController.swift */; };
		9130CA07296B034600FC5107 /* HeartListViewController.swift in Sources */ = {isa = PBXBuildFile; fileRef = 9130CA06296B034600FC5107 /* HeartListViewController.swift */; };
		9130CA09296B055100FC5107 /* SearchViewController.swift in Sources */ = {isa = PBXBuildFile; fileRef = 9130CA08296B055100FC5107 /* SearchViewController.swift */; };
		9130CA0B296B055E00FC5107 /* NoticeViewController.swift in Sources */ = {isa = PBXBuildFile; fileRef = 9130CA0A296B055E00FC5107 /* NoticeViewController.swift */; };
		9130CA0D296B056B00FC5107 /* ClauseViewController.swift in Sources */ = {isa = PBXBuildFile; fileRef = 9130CA0C296B056B00FC5107 /* ClauseViewController.swift */; };
		9130CA0F296B063100FC5107 /* SettingProfileViewController.swift in Sources */ = {isa = PBXBuildFile; fileRef = 9130CA0E296B063100FC5107 /* SettingProfileViewController.swift */; };
		9130CA14296B0F9F00FC5107 /* WithdrawViewController.swift in Sources */ = {isa = PBXBuildFile; fileRef = 9130CA13296B0F9F00FC5107 /* WithdrawViewController.swift */; };
		9130CA1B296B3A8A00FC5107 /* TopStackView.swift in Sources */ = {isa = PBXBuildFile; fileRef = 9130CA1A296B3A8A00FC5107 /* TopStackView.swift */; };
		9130CA1D296B3CAF00FC5107 /* BottomInfoView.swift in Sources */ = {isa = PBXBuildFile; fileRef = 9130CA1C296B3CAF00FC5107 /* BottomInfoView.swift */; };
		9130CA1F296B473200FC5107 /* SettingUserNameViewController.swift in Sources */ = {isa = PBXBuildFile; fileRef = 9130CA1E296B473200FC5107 /* SettingUserNameViewController.swift */; };
		9130CA24296B558900FC5107 /* SearchTVC.swift in Sources */ = {isa = PBXBuildFile; fileRef = 9130CA23296B558900FC5107 /* SearchTVC.swift */; };
		9130CA26296B587700FC5107 /* ResultViewController.swift in Sources */ = {isa = PBXBuildFile; fileRef = 9130CA25296B587700FC5107 /* ResultViewController.swift */; };
		913E02C7296334C4001CC92B /* UIStackView+.swift in Sources */ = {isa = PBXBuildFile; fileRef = 913E02C6296334C4001CC92B /* UIStackView+.swift */; };
		913E02CA29634641001CC92B /* TrainerDetailViewController.swift in Sources */ = {isa = PBXBuildFile; fileRef = 913E02C929634641001CC92B /* TrainerDetailViewController.swift */; };
		913E02CD2963505A001CC92B /* Then in Frameworks */ = {isa = PBXBuildFile; productRef = 913E02CC2963505A001CC92B /* Then */; };
		91593F4729642C8500AE7CF1 /* PriceStackView.swift in Sources */ = {isa = PBXBuildFile; fileRef = 91593F4629642C8500AE7CF1 /* PriceStackView.swift */; };
		91877D6A2969269D0074386B /* RequestSheet.swift in Sources */ = {isa = PBXBuildFile; fileRef = 91877D692969269D0074386B /* RequestSheet.swift */; };
		91877D6C2969A0A00074386B /* ProfileView.swift in Sources */ = {isa = PBXBuildFile; fileRef = 91877D6B2969A0A00074386B /* ProfileView.swift */; };
		91877D6E2969A9260074386B /* NotificationSwitch.swift in Sources */ = {isa = PBXBuildFile; fileRef = 91877D6D2969A9260074386B /* NotificationSwitch.swift */; };
		91877D702969B1970074386B /* BottomView.swift in Sources */ = {isa = PBXBuildFile; fileRef = 91877D6F2969B1970074386B /* BottomView.swift */; };
		91C32D2F296184AA00F29DA5 /* AppDelegate.swift in Sources */ = {isa = PBXBuildFile; fileRef = 91C32D2E296184AA00F29DA5 /* AppDelegate.swift */; };
		91C32D31296184AA00F29DA5 /* SceneDelegate.swift in Sources */ = {isa = PBXBuildFile; fileRef = 91C32D30296184AA00F29DA5 /* SceneDelegate.swift */; };
		91C32D38296184AD00F29DA5 /* Assets.xcassets in Resources */ = {isa = PBXBuildFile; fileRef = 91C32D37296184AD00F29DA5 /* Assets.xcassets */; };
		91C32D3B296184AD00F29DA5 /* LaunchScreen.storyboard in Resources */ = {isa = PBXBuildFile; fileRef = 91C32D39296184AD00F29DA5 /* LaunchScreen.storyboard */; };
		91C32D432961857400F29DA5 /* SignInViewController.swift in Sources */ = {isa = PBXBuildFile; fileRef = 91C32D422961857400F29DA5 /* SignInViewController.swift */; };
		91C32D46296185B900F29DA5 /* SnapKit in Frameworks */ = {isa = PBXBuildFile; productRef = 91C32D45296185B900F29DA5 /* SnapKit */; };
		91C32D482961860800F29DA5 /* StartViewController.swift in Sources */ = {isa = PBXBuildFile; fileRef = 91C32D472961860800F29DA5 /* StartViewController.swift */; };
		91C32D4A2961863E00F29DA5 /* UIColor+.swift in Sources */ = {isa = PBXBuildFile; fileRef = 91C32D492961863E00F29DA5 /* UIColor+.swift */; };
		91C32D4C2961866100F29DA5 /* TabBarController.swift in Sources */ = {isa = PBXBuildFile; fileRef = 91C32D4B2961866100F29DA5 /* TabBarController.swift */; };
		91C32D4E2961867600F29DA5 /* HomeViewController.swift in Sources */ = {isa = PBXBuildFile; fileRef = 91C32D4D2961867600F29DA5 /* HomeViewController.swift */; };
		91C32D502961868500F29DA5 /* CommunityViewController.swift in Sources */ = {isa = PBXBuildFile; fileRef = 91C32D4F2961868500F29DA5 /* CommunityViewController.swift */; };
		91C32D522961869000F29DA5 /* ChatViewController.swift in Sources */ = {isa = PBXBuildFile; fileRef = 91C32D512961869000F29DA5 /* ChatViewController.swift */; };
		91C32D542961869C00F29DA5 /* MyPageViewController.swift in Sources */ = {isa = PBXBuildFile; fileRef = 91C32D532961869C00F29DA5 /* MyPageViewController.swift */; };
		91D7C51129649C78005AF859 /* ReviewViewController.swift in Sources */ = {isa = PBXBuildFile; fileRef = 91D7C51029649C78005AF859 /* ReviewViewController.swift */; };
		91D7C5162964A034005AF859 /* ReviewTableCell.swift in Sources */ = {isa = PBXBuildFile; fileRef = 91D7C5152964A034005AF859 /* ReviewTableCell.swift */; };
/* End PBXBuildFile section */

/* Begin PBXFileReference section */
		910182C22961961D00FC10DB /* TrainerTabelCell.swift */ = {isa = PBXFileReference; lastKnownFileType = sourcecode.swift; path = TrainerTabelCell.swift; sourceTree = "<group>"; };
		910D8053296566D100828E4B /* PickServiceViewController.swift */ = {isa = PBXFileReference; lastKnownFileType = sourcecode.swift; path = PickServiceViewController.swift; sourceTree = "<group>"; };
		910D805529656AA400828E4B /* PickDateViewController.swift */ = {isa = PBXFileReference; lastKnownFileType = sourcecode.swift; path = PickDateViewController.swift; sourceTree = "<group>"; };
		910D805829656ACE00828E4B /* PickPlaceViewController.swift */ = {isa = PBXFileReference; lastKnownFileType = sourcecode.swift; path = PickPlaceViewController.swift; sourceTree = "<group>"; };
		910D805A2965878300828E4B /* RequestResultViewController.swift */ = {isa = PBXFileReference; lastKnownFileType = sourcecode.swift; path = RequestResultViewController.swift; sourceTree = "<group>"; };
		910D805C2965DBEE00828E4B /* PickServiceView.swift */ = {isa = PBXFileReference; lastKnownFileType = sourcecode.swift; path = PickServiceView.swift; sourceTree = "<group>"; };
		910D80672966C9AA00828E4B /* TrainerCertifyViewController.swift */ = {isa = PBXFileReference; lastKnownFileType = sourcecode.swift; path = TrainerCertifyViewController.swift; sourceTree = "<group>"; };
		9130C9FA296AF25800FC5107 /* TermsOfUseViewController.swift */ = {isa = PBXFileReference; lastKnownFileType = sourcecode.swift; path = TermsOfUseViewController.swift; sourceTree = "<group>"; };
		9130C9FC296AF2F700FC5107 /* serviceAcceptViewController.swift */ = {isa = PBXFileReference; lastKnownFileType = sourcecode.swift; path = serviceAcceptViewController.swift; sourceTree = "<group>"; };
		9130C9FE296AF31400FC5107 /* privacyAcceptViewController.swift */ = {isa = PBXFileReference; lastKnownFileType = sourcecode.swift; path = privacyAcceptViewController.swift; sourceTree = "<group>"; };
		9130CA00296AF33900FC5107 /* financeAcceptViewController.swift */ = {isa = PBXFileReference; lastKnownFileType = sourcecode.swift; path = financeAcceptViewController.swift; sourceTree = "<group>"; };
		9130CA02296AFBFE00FC5107 /* BottomBtnView.swift */ = {isa = PBXFileReference; lastKnownFileType = sourcecode.swift; path = BottomBtnView.swift; sourceTree = "<group>"; };
		9130CA04296B023C00FC5107 /* SettingViewController.swift */ = {isa = PBXFileReference; lastKnownFileType = sourcecode.swift; path = SettingViewController.swift; sourceTree = "<group>"; };
		9130CA06296B034600FC5107 /* HeartListViewController.swift */ = {isa = PBXFileReference; lastKnownFileType = sourcecode.swift; path = HeartListViewController.swift; sourceTree = "<group>"; };
		9130CA08296B055100FC5107 /* SearchViewController.swift */ = {isa = PBXFileReference; lastKnownFileType = sourcecode.swift; path = SearchViewController.swift; sourceTree = "<group>"; };
		9130CA0A296B055E00FC5107 /* NoticeViewController.swift */ = {isa = PBXFileReference; lastKnownFileType = sourcecode.swift; path = NoticeViewController.swift; sourceTree = "<group>"; };
		9130CA0C296B056B00FC5107 /* ClauseViewController.swift */ = {isa = PBXFileReference; lastKnownFileType = sourcecode.swift; path = ClauseViewController.swift; sourceTree = "<group>"; };
		9130CA0E296B063100FC5107 /* SettingProfileViewController.swift */ = {isa = PBXFileReference; lastKnownFileType = sourcecode.swift; path = SettingProfileViewController.swift; sourceTree = "<group>"; };
		9130CA13296B0F9F00FC5107 /* WithdrawViewController.swift */ = {isa = PBXFileReference; lastKnownFileType = sourcecode.swift; path = WithdrawViewController.swift; sourceTree = "<group>"; };
		9130CA1A296B3A8A00FC5107 /* TopStackView.swift */ = {isa = PBXFileReference; lastKnownFileType = sourcecode.swift; path = TopStackView.swift; sourceTree = "<group>"; };
		9130CA1C296B3CAF00FC5107 /* BottomInfoView.swift */ = {isa = PBXFileReference; lastKnownFileType = sourcecode.swift; path = BottomInfoView.swift; sourceTree = "<group>"; };
		9130CA1E296B473200FC5107 /* SettingUserNameViewController.swift */ = {isa = PBXFileReference; lastKnownFileType = sourcecode.swift; path = SettingUserNameViewController.swift; sourceTree = "<group>"; };
		9130CA23296B558900FC5107 /* SearchTVC.swift */ = {isa = PBXFileReference; lastKnownFileType = sourcecode.swift; path = SearchTVC.swift; sourceTree = "<group>"; };
		9130CA25296B587700FC5107 /* ResultViewController.swift */ = {isa = PBXFileReference; lastKnownFileType = sourcecode.swift; path = ResultViewController.swift; sourceTree = "<group>"; };
		913E02C6296334C4001CC92B /* UIStackView+.swift */ = {isa = PBXFileReference; lastKnownFileType = sourcecode.swift; path = "UIStackView+.swift"; sourceTree = "<group>"; };
		913E02C929634641001CC92B /* TrainerDetailViewController.swift */ = {isa = PBXFileReference; lastKnownFileType = sourcecode.swift; path = TrainerDetailViewController.swift; sourceTree = "<group>"; };
		91593F4629642C8500AE7CF1 /* PriceStackView.swift */ = {isa = PBXFileReference; lastKnownFileType = sourcecode.swift; path = PriceStackView.swift; sourceTree = "<group>"; };
		91877D692969269D0074386B /* RequestSheet.swift */ = {isa = PBXFileReference; lastKnownFileType = sourcecode.swift; path = RequestSheet.swift; sourceTree = "<group>"; };
		91877D6B2969A0A00074386B /* ProfileView.swift */ = {isa = PBXFileReference; lastKnownFileType = sourcecode.swift; path = ProfileView.swift; sourceTree = "<group>"; };
		91877D6D2969A9260074386B /* NotificationSwitch.swift */ = {isa = PBXFileReference; lastKnownFileType = sourcecode.swift; path = NotificationSwitch.swift; sourceTree = "<group>"; };
		91877D6F2969B1970074386B /* BottomView.swift */ = {isa = PBXFileReference; lastKnownFileType = sourcecode.swift; path = BottomView.swift; sourceTree = "<group>"; };
		91C32D2B296184AA00F29DA5 /* FITI.app */ = {isa = PBXFileReference; explicitFileType = wrapper.application; includeInIndex = 0; path = FITI.app; sourceTree = BUILT_PRODUCTS_DIR; };
		91C32D2E296184AA00F29DA5 /* AppDelegate.swift */ = {isa = PBXFileReference; lastKnownFileType = sourcecode.swift; path = AppDelegate.swift; sourceTree = "<group>"; };
		91C32D30296184AA00F29DA5 /* SceneDelegate.swift */ = {isa = PBXFileReference; lastKnownFileType = sourcecode.swift; path = SceneDelegate.swift; sourceTree = "<group>"; };
		91C32D37296184AD00F29DA5 /* Assets.xcassets */ = {isa = PBXFileReference; lastKnownFileType = folder.assetcatalog; path = Assets.xcassets; sourceTree = "<group>"; };
		91C32D3A296184AD00F29DA5 /* Base */ = {isa = PBXFileReference; lastKnownFileType = file.storyboard; name = Base; path = Base.lproj/LaunchScreen.storyboard; sourceTree = "<group>"; };
		91C32D3C296184AD00F29DA5 /* Info.plist */ = {isa = PBXFileReference; lastKnownFileType = text.plist.xml; path = Info.plist; sourceTree = "<group>"; };
		91C32D422961857400F29DA5 /* SignInViewController.swift */ = {isa = PBXFileReference; lastKnownFileType = sourcecode.swift; path = SignInViewController.swift; sourceTree = "<group>"; };
		91C32D472961860800F29DA5 /* StartViewController.swift */ = {isa = PBXFileReference; lastKnownFileType = sourcecode.swift; path = StartViewController.swift; sourceTree = "<group>"; };
		91C32D492961863E00F29DA5 /* UIColor+.swift */ = {isa = PBXFileReference; lastKnownFileType = sourcecode.swift; path = "UIColor+.swift"; sourceTree = "<group>"; };
		91C32D4B2961866100F29DA5 /* TabBarController.swift */ = {isa = PBXFileReference; lastKnownFileType = sourcecode.swift; path = TabBarController.swift; sourceTree = "<group>"; };
		91C32D4D2961867600F29DA5 /* HomeViewController.swift */ = {isa = PBXFileReference; lastKnownFileType = sourcecode.swift; path = HomeViewController.swift; sourceTree = "<group>"; };
		91C32D4F2961868500F29DA5 /* CommunityViewController.swift */ = {isa = PBXFileReference; lastKnownFileType = sourcecode.swift; path = CommunityViewController.swift; sourceTree = "<group>"; };
		91C32D512961869000F29DA5 /* ChatViewController.swift */ = {isa = PBXFileReference; lastKnownFileType = sourcecode.swift; path = ChatViewController.swift; sourceTree = "<group>"; };
		91C32D532961869C00F29DA5 /* MyPageViewController.swift */ = {isa = PBXFileReference; lastKnownFileType = sourcecode.swift; path = MyPageViewController.swift; sourceTree = "<group>"; };
		91D7C51029649C78005AF859 /* ReviewViewController.swift */ = {isa = PBXFileReference; lastKnownFileType = sourcecode.swift; path = ReviewViewController.swift; sourceTree = "<group>"; };
		91D7C5152964A034005AF859 /* ReviewTableCell.swift */ = {isa = PBXFileReference; lastKnownFileType = sourcecode.swift; path = ReviewTableCell.swift; sourceTree = "<group>"; };
/* End PBXFileReference section */

/* Begin PBXFrameworksBuildPhase section */
		91C32D28296184AA00F29DA5 /* Frameworks */ = {
			isa = PBXFrameworksBuildPhase;
			buildActionMask = 2147483647;
			files = (
				91C32D46296185B900F29DA5 /* SnapKit in Frameworks */,
				910D80652965E5C200828E4B /* FSCalendar in Frameworks */,
				913E02CD2963505A001CC92B /* Then in Frameworks */,
			);
			runOnlyForDeploymentPostprocessing = 0;
		};
/* End PBXFrameworksBuildPhase section */

/* Begin PBXGroup section */
		910182B929618C7900FC10DB /* Extension */ = {
			isa = PBXGroup;
			children = (
				91C32D492961863E00F29DA5 /* UIColor+.swift */,
				913E02C6296334C4001CC92B /* UIStackView+.swift */,
			);
			path = Extension;
			sourceTree = "<group>";
		};
		910182BA29618C8300FC10DB /* Main */ = {
			isa = PBXGroup;
			children = (
				91C32D4B2961866100F29DA5 /* TabBarController.swift */,
				910182BB29618C9100FC10DB /* Component */,
			);
			path = Main;
			sourceTree = "<group>";
		};
		910182BB29618C9100FC10DB /* Component */ = {
			isa = PBXGroup;
			children = (
				910182BC29618CA100FC10DB /* Home */,
				910182BD29618CA700FC10DB /* Community */,
				910182BE29618CAF00FC10DB /* Chat */,
				910182BF29618CB500FC10DB /* MyPage */,
			);
			path = Component;
			sourceTree = "<group>";
		};
		910182BC29618CA100FC10DB /* Home */ = {
			isa = PBXGroup;
			children = (
				91C32D4D2961867600F29DA5 /* HomeViewController.swift */,
				910182C22961961D00FC10DB /* TrainerTabelCell.swift */,
				913E02C829634607001CC92B /* TrainerDetail */,
			);
			path = Home;
			sourceTree = "<group>";
		};
		910182BD29618CA700FC10DB /* Community */ = {
			isa = PBXGroup;
			children = (
				91C32D4F2961868500F29DA5 /* CommunityViewController.swift */,
			);
			path = Community;
			sourceTree = "<group>";
		};
		910182BE29618CAF00FC10DB /* Chat */ = {
			isa = PBXGroup;
			children = (
				91C32D512961869000F29DA5 /* ChatViewController.swift */,
			);
			path = Chat;
			sourceTree = "<group>";
		};
		910182BF29618CB500FC10DB /* MyPage */ = {
			isa = PBXGroup;
			children = (
				91C32D532961869C00F29DA5 /* MyPageViewController.swift */,
				9130CA11296B081300FC5107 /* View */,
				9130CA10296B07D900FC5107 /* DetailView */,
			);
			path = MyPage;
			sourceTree = "<group>";
		};
		910182C029618CCA00FC10DB /* SignIn */ = {
			isa = PBXGroup;
			children = (
				91C32D472961860800F29DA5 /* StartViewController.swift */,
				91C32D422961857400F29DA5 /* SignInViewController.swift */,
			);
			path = SignIn;
			sourceTree = "<group>";
		};
		910D80522965667100828E4B /* Request */ = {
			isa = PBXGroup;
			children = (
				91593F4629642C8500AE7CF1 /* PriceStackView.swift */,
				913E02C929634641001CC92B /* TrainerDetailViewController.swift */,
				910D805E2965E26200828E4B /* PickService */,
				910D805F2965E2DC00828E4B /* PickDate */,
				910D80602965E2EB00828E4B /* PickPlace */,
				910D80622965E30600828E4B /* RequestResult */,
			);
			path = Request;
			sourceTree = "<group>";
		};
		910D805E2965E26200828E4B /* PickService */ = {
			isa = PBXGroup;
			children = (
				910D8053296566D100828E4B /* PickServiceViewController.swift */,
				910D805C2965DBEE00828E4B /* PickServiceView.swift */,
			);
			path = PickService;
			sourceTree = "<group>";
		};
		910D805F2965E2DC00828E4B /* PickDate */ = {
			isa = PBXGroup;
			children = (
				910D805529656AA400828E4B /* PickDateViewController.swift */,
			);
			path = PickDate;
			sourceTree = "<group>";
		};
		910D80602965E2EB00828E4B /* PickPlace */ = {
			isa = PBXGroup;
			children = (
				910D805829656ACE00828E4B /* PickPlaceViewController.swift */,
			);
			path = PickPlace;
			sourceTree = "<group>";
		};
		910D80622965E30600828E4B /* RequestResult */ = {
			isa = PBXGroup;
			children = (
				910D805A2965878300828E4B /* RequestResultViewController.swift */,
				91877D692969269D0074386B /* RequestSheet.swift */,
			);
			path = RequestResult;
			sourceTree = "<group>";
		};
		910D80662966C98E00828E4B /* SignUp */ = {
			isa = PBXGroup;
			children = (
				9130C9FA296AF25800FC5107 /* TermsOfUseViewController.swift */,
				9130CA00296AF33900FC5107 /* financeAcceptViewController.swift */,
				9130C9FE296AF31400FC5107 /* privacyAcceptViewController.swift */,
				9130C9FC296AF2F700FC5107 /* serviceAcceptViewController.swift */,
				910D80672966C9AA00828E4B /* TrainerCertifyViewController.swift */,
			);
			path = SignUp;
			sourceTree = "<group>";
		};
		9130CA10296B07D900FC5107 /* DetailView */ = {
			isa = PBXGroup;
			children = (
				9130CA12296B0F2000FC5107 /* Setting */,
				9130CA19296B136100FC5107 /* SettingProfile */,
				9130CA15296B133200FC5107 /* HeartList */,
				9130CA16296B134000FC5107 /* Location */,
				9130CA17296B134B00FC5107 /* Notice */,
				9130CA18296B135400FC5107 /* Clause */,
			);
			path = DetailView;
			sourceTree = "<group>";
		};
		9130CA11296B081300FC5107 /* View */ = {
			isa = PBXGroup;
			children = (
				91877D6B2969A0A00074386B /* ProfileView.swift */,
				91877D6D2969A9260074386B /* NotificationSwitch.swift */,
				91877D6F2969B1970074386B /* BottomView.swift */,
				9130CA02296AFBFE00FC5107 /* BottomBtnView.swift */,
			);
			path = View;
			sourceTree = "<group>";
		};
		9130CA12296B0F2000FC5107 /* Setting */ = {
			isa = PBXGroup;
			children = (
				9130CA04296B023C00FC5107 /* SettingViewController.swift */,
				9130CA13296B0F9F00FC5107 /* WithdrawViewController.swift */,
			);
			path = Setting;
			sourceTree = "<group>";
		};
		9130CA15296B133200FC5107 /* HeartList */ = {
			isa = PBXGroup;
			children = (
				9130CA06296B034600FC5107 /* HeartListViewController.swift */,
			);
			path = HeartList;
			sourceTree = "<group>";
		};
		9130CA16296B134000FC5107 /* Location */ = {
			isa = PBXGroup;
			children = (
				9130CA08296B055100FC5107 /* SearchViewController.swift */,
				9130CA23296B558900FC5107 /* SearchTVC.swift */,
				9130CA25296B587700FC5107 /* ResultViewController.swift */,
			);
			path = Location;
			sourceTree = "<group>";
		};
		9130CA17296B134B00FC5107 /* Notice */ = {
			isa = PBXGroup;
			children = (
				9130CA0A296B055E00FC5107 /* NoticeViewController.swift */,
			);
			path = Notice;
			sourceTree = "<group>";
		};
		9130CA18296B135400FC5107 /* Clause */ = {
			isa = PBXGroup;
			children = (
				9130CA0C296B056B00FC5107 /* ClauseViewController.swift */,
			);
			path = Clause;
			sourceTree = "<group>";
		};
		9130CA19296B136100FC5107 /* SettingProfile */ = {
			isa = PBXGroup;
			children = (
				9130CA0E296B063100FC5107 /* SettingProfileViewController.swift */,
				9130CA1A296B3A8A00FC5107 /* TopStackView.swift */,
				9130CA1C296B3CAF00FC5107 /* BottomInfoView.swift */,
				9130CA20296B4D4800FC5107 /* SettingUserName */,
			);
			path = SettingProfile;
			sourceTree = "<group>";
		};
		9130CA20296B4D4800FC5107 /* SettingUserName */ = {
			isa = PBXGroup;
			children = (
				9130CA1E296B473200FC5107 /* SettingUserNameViewController.swift */,
			);
			path = SettingUserName;
			sourceTree = "<group>";
		};
		913E02C829634607001CC92B /* TrainerDetail */ = {
			isa = PBXGroup;
			children = (
				910D80522965667100828E4B /* Request */,
				91D7C51229649F94005AF859 /* Review */,
			);
			path = TrainerDetail;
			sourceTree = "<group>";
		};
		91C32D22296184AA00F29DA5 = {
			isa = PBXGroup;
			children = (
				91C32D2D296184AA00F29DA5 /* FITI */,
				91C32D2C296184AA00F29DA5 /* Products */,
			);
			sourceTree = "<group>";
		};
		91C32D2C296184AA00F29DA5 /* Products */ = {
			isa = PBXGroup;
			children = (
				91C32D2B296184AA00F29DA5 /* FITI.app */,
			);
			name = Products;
			sourceTree = "<group>";
		};
		91C32D2D296184AA00F29DA5 /* FITI */ = {
			isa = PBXGroup;
			children = (
				910182BA29618C8300FC10DB /* Main */,
				910182C029618CCA00FC10DB /* SignIn */,
				910D80662966C98E00828E4B /* SignUp */,
				910182B929618C7900FC10DB /* Extension */,
				91C32D2E296184AA00F29DA5 /* AppDelegate.swift */,
				91C32D30296184AA00F29DA5 /* SceneDelegate.swift */,
				91C32D37296184AD00F29DA5 /* Assets.xcassets */,
				91C32D39296184AD00F29DA5 /* LaunchScreen.storyboard */,
				91C32D3C296184AD00F29DA5 /* Info.plist */,
			);
			path = FITI;
			sourceTree = "<group>";
		};
		91D7C51229649F94005AF859 /* Review */ = {
			isa = PBXGroup;
			children = (
				91D7C51029649C78005AF859 /* ReviewViewController.swift */,
				91D7C5152964A034005AF859 /* ReviewTableCell.swift */,
			);
			path = Review;
			sourceTree = "<group>";
		};
/* End PBXGroup section */

/* Begin PBXNativeTarget section */
		91C32D2A296184AA00F29DA5 /* FITI */ = {
			isa = PBXNativeTarget;
			buildConfigurationList = 91C32D3F296184AD00F29DA5 /* Build configuration list for PBXNativeTarget "FITI" */;
			buildPhases = (
				91C32D27296184AA00F29DA5 /* Sources */,
				91C32D28296184AA00F29DA5 /* Frameworks */,
				91C32D29296184AA00F29DA5 /* Resources */,
			);
			buildRules = (
			);
			dependencies = (
			);
			name = FITI;
			packageProductDependencies = (
				91C32D45296185B900F29DA5 /* SnapKit */,
				913E02CC2963505A001CC92B /* Then */,
				910D80642965E5C200828E4B /* FSCalendar */,
			);
			productName = FITI;
			productReference = 91C32D2B296184AA00F29DA5 /* FITI.app */;
			productType = "com.apple.product-type.application";
		};
/* End PBXNativeTarget section */

/* Begin PBXProject section */
		91C32D23296184AA00F29DA5 /* Project object */ = {
			isa = PBXProject;
			attributes = {
				BuildIndependentTargetsInParallel = 1;
				LastSwiftUpdateCheck = 1420;
				LastUpgradeCheck = 1420;
				TargetAttributes = {
					91C32D2A296184AA00F29DA5 = {
						CreatedOnToolsVersion = 14.2;
					};
				};
			};
			buildConfigurationList = 91C32D26296184AA00F29DA5 /* Build configuration list for PBXProject "FITI" */;
			compatibilityVersion = "Xcode 14.0";
			developmentRegion = en;
			hasScannedForEncodings = 0;
			knownRegions = (
				en,
				Base,
			);
			mainGroup = 91C32D22296184AA00F29DA5;
			packageReferences = (
				91C32D44296185B900F29DA5 /* XCRemoteSwiftPackageReference "SnapKit" */,
				913E02CB2963505A001CC92B /* XCRemoteSwiftPackageReference "Then" */,
				910D80632965E5C200828E4B /* XCRemoteSwiftPackageReference "FSCalendar" */,
			);
			productRefGroup = 91C32D2C296184AA00F29DA5 /* Products */;
			projectDirPath = "";
			projectRoot = "";
			targets = (
				91C32D2A296184AA00F29DA5 /* FITI */,
			);
		};
/* End PBXProject section */

/* Begin PBXResourcesBuildPhase section */
		91C32D29296184AA00F29DA5 /* Resources */ = {
			isa = PBXResourcesBuildPhase;
			buildActionMask = 2147483647;
			files = (
				91C32D3B296184AD00F29DA5 /* LaunchScreen.storyboard in Resources */,
				91C32D38296184AD00F29DA5 /* Assets.xcassets in Resources */,
			);
			runOnlyForDeploymentPostprocessing = 0;
		};
/* End PBXResourcesBuildPhase section */

/* Begin PBXSourcesBuildPhase section */
		91C32D27296184AA00F29DA5 /* Sources */ = {
			isa = PBXSourcesBuildPhase;
			buildActionMask = 2147483647;
			files = (
				91C32D482961860800F29DA5 /* StartViewController.swift in Sources */,
				9130CA26296B587700FC5107 /* ResultViewController.swift in Sources */,
				91877D6C2969A0A00074386B /* ProfileView.swift in Sources */,
				910182C32961961D00FC10DB /* TrainerTabelCell.swift in Sources */,
				910D8054296566D100828E4B /* PickServiceViewController.swift in Sources */,
				91D7C51129649C78005AF859 /* ReviewViewController.swift in Sources */,
				91877D6A2969269D0074386B /* RequestSheet.swift in Sources */,
				91C32D432961857400F29DA5 /* SignInViewController.swift in Sources */,
				9130CA24296B558900FC5107 /* SearchTVC.swift in Sources */,
				91C32D502961868500F29DA5 /* CommunityViewController.swift in Sources */,
				91C32D4E2961867600F29DA5 /* HomeViewController.swift in Sources */,
				91C32D2F296184AA00F29DA5 /* AppDelegate.swift in Sources */,
				9130CA07296B034600FC5107 /* HeartListViewController.swift in Sources */,
				9130C9FF296AF31400FC5107 /* privacyAcceptViewController.swift in Sources */,
				91C32D542961869C00F29DA5 /* MyPageViewController.swift in Sources */,
				9130CA0F296B063100FC5107 /* SettingProfileViewController.swift in Sources */,
				910D805929656ACE00828E4B /* PickPlaceViewController.swift in Sources */,
				91877D702969B1970074386B /* BottomView.swift in Sources */,
				9130CA14296B0F9F00FC5107 /* WithdrawViewController.swift in Sources */,
				913E02C7296334C4001CC92B /* UIStackView+.swift in Sources */,
				9130CA01296AF33900FC5107 /* financeAcceptViewController.swift in Sources */,
				9130CA1D296B3CAF00FC5107 /* BottomInfoView.swift in Sources */,
				910D805D2965DBEE00828E4B /* PickServiceView.swift in Sources */,
				9130CA03296AFBFE00FC5107 /* BottomBtnView.swift in Sources */,
				91D7C5162964A034005AF859 /* ReviewTableCell.swift in Sources */,
				9130CA1B296B3A8A00FC5107 /* TopStackView.swift in Sources */,
				9130CA05296B023C00FC5107 /* SettingViewController.swift in Sources */,
				9130CA09296B055100FC5107 /* SearchViewController.swift in Sources */,
				910D80682966C9AA00828E4B /* TrainerCertifyViewController.swift in Sources */,
				91593F4729642C8500AE7CF1 /* PriceStackView.swift in Sources */,
				9130CA1F296B473200FC5107 /* SettingUserNameViewController.swift in Sources */,
				9130CA0B296B055E00FC5107 /* NoticeViewController.swift in Sources */,
				910D805B2965878300828E4B /* RequestResultViewController.swift in Sources */,
				91C32D4C2961866100F29DA5 /* TabBarController.swift in Sources */,
				9130C9FD296AF2F700FC5107 /* serviceAcceptViewController.swift in Sources */,
				91C32D31296184AA00F29DA5 /* SceneDelegate.swift in Sources */,
				9130C9FB296AF25800FC5107 /* TermsOfUseViewController.swift in Sources */,
				91C32D522961869000F29DA5 /* ChatViewController.swift in Sources */,
				91C32D4A2961863E00F29DA5 /* UIColor+.swift in Sources */,
				913E02CA29634641001CC92B /* TrainerDetailViewController.swift in Sources */,
				9130CA0D296B056B00FC5107 /* ClauseViewController.swift in Sources */,
				910D805629656AA400828E4B /* PickDateViewController.swift in Sources */,
				91877D6E2969A9260074386B /* NotificationSwitch.swift in Sources */,
			);
			runOnlyForDeploymentPostprocessing = 0;
		};
/* End PBXSourcesBuildPhase section */

/* Begin PBXVariantGroup section */
		91C32D39296184AD00F29DA5 /* LaunchScreen.storyboard */ = {
			isa = PBXVariantGroup;
			children = (
				91C32D3A296184AD00F29DA5 /* Base */,
			);
			name = LaunchScreen.storyboard;
			sourceTree = "<group>";
		};
/* End PBXVariantGroup section */

/* Begin XCBuildConfiguration section */
		91C32D3D296184AD00F29DA5 /* Debug */ = {
			isa = XCBuildConfiguration;
			buildSettings = {
				ALWAYS_SEARCH_USER_PATHS = NO;
				CLANG_ANALYZER_NONNULL = YES;
				CLANG_ANALYZER_NUMBER_OBJECT_CONVERSION = YES_AGGRESSIVE;
				CLANG_CXX_LANGUAGE_STANDARD = "gnu++20";
				CLANG_ENABLE_MODULES = YES;
				CLANG_ENABLE_OBJC_ARC = YES;
				CLANG_ENABLE_OBJC_WEAK = YES;
				CLANG_WARN_BLOCK_CAPTURE_AUTORELEASING = YES;
				CLANG_WARN_BOOL_CONVERSION = YES;
				CLANG_WARN_COMMA = YES;
				CLANG_WARN_CONSTANT_CONVERSION = YES;
				CLANG_WARN_DEPRECATED_OBJC_IMPLEMENTATIONS = YES;
				CLANG_WARN_DIRECT_OBJC_ISA_USAGE = YES_ERROR;
				CLANG_WARN_DOCUMENTATION_COMMENTS = YES;
				CLANG_WARN_EMPTY_BODY = YES;
				CLANG_WARN_ENUM_CONVERSION = YES;
				CLANG_WARN_INFINITE_RECURSION = YES;
				CLANG_WARN_INT_CONVERSION = YES;
				CLANG_WARN_NON_LITERAL_NULL_CONVERSION = YES;
				CLANG_WARN_OBJC_IMPLICIT_RETAIN_SELF = YES;
				CLANG_WARN_OBJC_LITERAL_CONVERSION = YES;
				CLANG_WARN_OBJC_ROOT_CLASS = YES_ERROR;
				CLANG_WARN_QUOTED_INCLUDE_IN_FRAMEWORK_HEADER = YES;
				CLANG_WARN_RANGE_LOOP_ANALYSIS = YES;
				CLANG_WARN_STRICT_PROTOTYPES = YES;
				CLANG_WARN_SUSPICIOUS_MOVE = YES;
				CLANG_WARN_UNGUARDED_AVAILABILITY = YES_AGGRESSIVE;
				CLANG_WARN_UNREACHABLE_CODE = YES;
				CLANG_WARN__DUPLICATE_METHOD_MATCH = YES;
				COPY_PHASE_STRIP = NO;
				DEBUG_INFORMATION_FORMAT = dwarf;
				ENABLE_STRICT_OBJC_MSGSEND = YES;
				ENABLE_TESTABILITY = YES;
				GCC_C_LANGUAGE_STANDARD = gnu11;
				GCC_DYNAMIC_NO_PIC = NO;
				GCC_NO_COMMON_BLOCKS = YES;
				GCC_OPTIMIZATION_LEVEL = 0;
				GCC_PREPROCESSOR_DEFINITIONS = (
					"DEBUG=1",
					"$(inherited)",
				);
				GCC_WARN_64_TO_32_BIT_CONVERSION = YES;
				GCC_WARN_ABOUT_RETURN_TYPE = YES_ERROR;
				GCC_WARN_UNDECLARED_SELECTOR = YES;
				GCC_WARN_UNINITIALIZED_AUTOS = YES_AGGRESSIVE;
				GCC_WARN_UNUSED_FUNCTION = YES;
				GCC_WARN_UNUSED_VARIABLE = YES;
				IPHONEOS_DEPLOYMENT_TARGET = 14.0;
				MTL_ENABLE_DEBUG_INFO = INCLUDE_SOURCE;
				MTL_FAST_MATH = YES;
				ONLY_ACTIVE_ARCH = YES;
				SDKROOT = iphoneos;
				SWIFT_ACTIVE_COMPILATION_CONDITIONS = DEBUG;
				SWIFT_OPTIMIZATION_LEVEL = "-Onone";
			};
			name = Debug;
		};
		91C32D3E296184AD00F29DA5 /* Release */ = {
			isa = XCBuildConfiguration;
			buildSettings = {
				ALWAYS_SEARCH_USER_PATHS = NO;
				CLANG_ANALYZER_NONNULL = YES;
				CLANG_ANALYZER_NUMBER_OBJECT_CONVERSION = YES_AGGRESSIVE;
				CLANG_CXX_LANGUAGE_STANDARD = "gnu++20";
				CLANG_ENABLE_MODULES = YES;
				CLANG_ENABLE_OBJC_ARC = YES;
				CLANG_ENABLE_OBJC_WEAK = YES;
				CLANG_WARN_BLOCK_CAPTURE_AUTORELEASING = YES;
				CLANG_WARN_BOOL_CONVERSION = YES;
				CLANG_WARN_COMMA = YES;
				CLANG_WARN_CONSTANT_CONVERSION = YES;
				CLANG_WARN_DEPRECATED_OBJC_IMPLEMENTATIONS = YES;
				CLANG_WARN_DIRECT_OBJC_ISA_USAGE = YES_ERROR;
				CLANG_WARN_DOCUMENTATION_COMMENTS = YES;
				CLANG_WARN_EMPTY_BODY = YES;
				CLANG_WARN_ENUM_CONVERSION = YES;
				CLANG_WARN_INFINITE_RECURSION = YES;
				CLANG_WARN_INT_CONVERSION = YES;
				CLANG_WARN_NON_LITERAL_NULL_CONVERSION = YES;
				CLANG_WARN_OBJC_IMPLICIT_RETAIN_SELF = YES;
				CLANG_WARN_OBJC_LITERAL_CONVERSION = YES;
				CLANG_WARN_OBJC_ROOT_CLASS = YES_ERROR;
				CLANG_WARN_QUOTED_INCLUDE_IN_FRAMEWORK_HEADER = YES;
				CLANG_WARN_RANGE_LOOP_ANALYSIS = YES;
				CLANG_WARN_STRICT_PROTOTYPES = YES;
				CLANG_WARN_SUSPICIOUS_MOVE = YES;
				CLANG_WARN_UNGUARDED_AVAILABILITY = YES_AGGRESSIVE;
				CLANG_WARN_UNREACHABLE_CODE = YES;
				CLANG_WARN__DUPLICATE_METHOD_MATCH = YES;
				COPY_PHASE_STRIP = NO;
				DEBUG_INFORMATION_FORMAT = "dwarf-with-dsym";
				ENABLE_NS_ASSERTIONS = NO;
				ENABLE_STRICT_OBJC_MSGSEND = YES;
				GCC_C_LANGUAGE_STANDARD = gnu11;
				GCC_NO_COMMON_BLOCKS = YES;
				GCC_WARN_64_TO_32_BIT_CONVERSION = YES;
				GCC_WARN_ABOUT_RETURN_TYPE = YES_ERROR;
				GCC_WARN_UNDECLARED_SELECTOR = YES;
				GCC_WARN_UNINITIALIZED_AUTOS = YES_AGGRESSIVE;
				GCC_WARN_UNUSED_FUNCTION = YES;
				GCC_WARN_UNUSED_VARIABLE = YES;
				IPHONEOS_DEPLOYMENT_TARGET = 14.0;
				MTL_ENABLE_DEBUG_INFO = NO;
				MTL_FAST_MATH = YES;
				SDKROOT = iphoneos;
				SWIFT_COMPILATION_MODE = wholemodule;
				SWIFT_OPTIMIZATION_LEVEL = "-O";
				VALIDATE_PRODUCT = YES;
			};
			name = Release;
		};
		91C32D40296184AD00F29DA5 /* Debug */ = {
			isa = XCBuildConfiguration;
			buildSettings = {
				ASSETCATALOG_COMPILER_APPICON_NAME = AppIcon;
				ASSETCATALOG_COMPILER_GLOBAL_ACCENT_COLOR_NAME = AccentColor;
				CODE_SIGN_STYLE = Automatic;
				CURRENT_PROJECT_VERSION = 1;
				DEVELOPMENT_TEAM = D96A3BCL3R;
				GENERATE_INFOPLIST_FILE = YES;
				INFOPLIST_FILE = FITI/Info.plist;
				INFOPLIST_KEY_UIApplicationSupportsIndirectInputEvents = YES;
				INFOPLIST_KEY_UILaunchStoryboardName = LaunchScreen;
				INFOPLIST_KEY_UISupportedInterfaceOrientations_iPad = "UIInterfaceOrientationPortrait UIInterfaceOrientationPortraitUpsideDown UIInterfaceOrientationLandscapeLeft UIInterfaceOrientationLandscapeRight";
				INFOPLIST_KEY_UISupportedInterfaceOrientations_iPhone = "UIInterfaceOrientationPortrait UIInterfaceOrientationLandscapeLeft UIInterfaceOrientationLandscapeRight";
				LD_RUNPATH_SEARCH_PATHS = (
					"$(inherited)",
					"@executable_path/Frameworks",
				);
				MARKETING_VERSION = 1.0;
				PRODUCT_BUNDLE_IDENTIFIER = com.JuneHyeokHong.FITI;
				PRODUCT_NAME = "$(TARGET_NAME)";
				SWIFT_EMIT_LOC_STRINGS = YES;
				SWIFT_VERSION = 5.0;
				TARGETED_DEVICE_FAMILY = "1,2";
			};
			name = Debug;
		};
		91C32D41296184AD00F29DA5 /* Release */ = {
			isa = XCBuildConfiguration;
			buildSettings = {
				ASSETCATALOG_COMPILER_APPICON_NAME = AppIcon;
				ASSETCATALOG_COMPILER_GLOBAL_ACCENT_COLOR_NAME = AccentColor;
				CODE_SIGN_STYLE = Automatic;
				CURRENT_PROJECT_VERSION = 1;
				DEVELOPMENT_TEAM = D96A3BCL3R;
				GENERATE_INFOPLIST_FILE = YES;
				INFOPLIST_FILE = FITI/Info.plist;
				INFOPLIST_KEY_UIApplicationSupportsIndirectInputEvents = YES;
				INFOPLIST_KEY_UILaunchStoryboardName = LaunchScreen;
				INFOPLIST_KEY_UISupportedInterfaceOrientations_iPad = "UIInterfaceOrientationPortrait UIInterfaceOrientationPortraitUpsideDown UIInterfaceOrientationLandscapeLeft UIInterfaceOrientationLandscapeRight";
				INFOPLIST_KEY_UISupportedInterfaceOrientations_iPhone = "UIInterfaceOrientationPortrait UIInterfaceOrientationLandscapeLeft UIInterfaceOrientationLandscapeRight";
				LD_RUNPATH_SEARCH_PATHS = (
					"$(inherited)",
					"@executable_path/Frameworks",
				);
				MARKETING_VERSION = 1.0;
				PRODUCT_BUNDLE_IDENTIFIER = com.JuneHyeokHong.FITI;
				PRODUCT_NAME = "$(TARGET_NAME)";
				SWIFT_EMIT_LOC_STRINGS = YES;
				SWIFT_VERSION = 5.0;
				TARGETED_DEVICE_FAMILY = "1,2";
			};
			name = Release;
		};
/* End XCBuildConfiguration section */

/* Begin XCConfigurationList section */
		91C32D26296184AA00F29DA5 /* Build configuration list for PBXProject "FITI" */ = {
			isa = XCConfigurationList;
			buildConfigurations = (
				91C32D3D296184AD00F29DA5 /* Debug */,
				91C32D3E296184AD00F29DA5 /* Release */,
			);
			defaultConfigurationIsVisible = 0;
			defaultConfigurationName = Release;
		};
		91C32D3F296184AD00F29DA5 /* Build configuration list for PBXNativeTarget "FITI" */ = {
			isa = XCConfigurationList;
			buildConfigurations = (
				91C32D40296184AD00F29DA5 /* Debug */,
				91C32D41296184AD00F29DA5 /* Release */,
			);
			defaultConfigurationIsVisible = 0;
			defaultConfigurationName = Release;
		};
/* End XCConfigurationList section */

/* Begin XCRemoteSwiftPackageReference section */
		910D80632965E5C200828E4B /* XCRemoteSwiftPackageReference "FSCalendar" */ = {
			isa = XCRemoteSwiftPackageReference;
			repositoryURL = "https://github.com/WenchaoD/FSCalendar.git";
			requirement = {
				branch = master;
				kind = branch;
			};
		};
		913E02CB2963505A001CC92B /* XCRemoteSwiftPackageReference "Then" */ = {
			isa = XCRemoteSwiftPackageReference;
			repositoryURL = "https://github.com/devxoul/Then.git";
			requirement = {
				branch = master;
				kind = branch;
			};
		};
		91C32D44296185B900F29DA5 /* XCRemoteSwiftPackageReference "SnapKit" */ = {
			isa = XCRemoteSwiftPackageReference;
			repositoryURL = "https://github.com/SnapKit/SnapKit.git";
			requirement = {
				branch = develop;
				kind = branch;
			};
		};
/* End XCRemoteSwiftPackageReference section */

/* Begin XCSwiftPackageProductDependency section */
		910D80642965E5C200828E4B /* FSCalendar */ = {
			isa = XCSwiftPackageProductDependency;
			package = 910D80632965E5C200828E4B /* XCRemoteSwiftPackageReference "FSCalendar" */;
			productName = FSCalendar;
		};
		913E02CC2963505A001CC92B /* Then */ = {
			isa = XCSwiftPackageProductDependency;
			package = 913E02CB2963505A001CC92B /* XCRemoteSwiftPackageReference "Then" */;
			productName = Then;
		};
		91C32D45296185B900F29DA5 /* SnapKit */ = {
			isa = XCSwiftPackageProductDependency;
			package = 91C32D44296185B900F29DA5 /* XCRemoteSwiftPackageReference "SnapKit" */;
			productName = SnapKit;
		};
/* End XCSwiftPackageProductDependency section */
	};
	rootObject = 91C32D23296184AA00F29DA5 /* Project object */;
}
